// !$*UTF8*$!
{
	archiveVersion = 1;
	classes = {
	};
	objectVersion = 55;
	objects = {

/* Begin PBXBuildFile section */
		3370A637270829D5003E8119 /* AppDelegate.swift in Sources */ = {isa = PBXBuildFile; fileRef = 3370A636270829D5003E8119 /* AppDelegate.swift */; };
		3370A639270829D5003E8119 /* SceneDelegate.swift in Sources */ = {isa = PBXBuildFile; fileRef = 3370A638270829D5003E8119 /* SceneDelegate.swift */; };
		3370A63B270829D5003E8119 /* ViewController.swift in Sources */ = {isa = PBXBuildFile; fileRef = 3370A63A270829D5003E8119 /* ViewController.swift */; };
		3370A63E270829D5003E8119 /* Main.storyboard in Resources */ = {isa = PBXBuildFile; fileRef = 3370A63C270829D5003E8119 /* Main.storyboard */; };
		3370A640270829D6003E8119 /* Assets.xcassets in Resources */ = {isa = PBXBuildFile; fileRef = 3370A63F270829D6003E8119 /* Assets.xcassets */; };
		3370A643270829D6003E8119 /* LaunchScreen.storyboard in Resources */ = {isa = PBXBuildFile; fileRef = 3370A641270829D6003E8119 /* LaunchScreen.storyboard */; };
		3370A64B270837F3003E8119 /* SecondVC.swift in Sources */ = {isa = PBXBuildFile; fileRef = 3370A64A270837F3003E8119 /* SecondVC.swift */; };
		3370A64D27083D4F003E8119 /* DataOriginVC.swift in Sources */ = {isa = PBXBuildFile; fileRef = 3370A64C27083D4F003E8119 /* DataOriginVC.swift */; };
		3370A64F27083D64003E8119 /* DataArriveVC.swift in Sources */ = {isa = PBXBuildFile; fileRef = 3370A64E27083D64003E8119 /* DataArriveVC.swift */; };
/* End PBXBuildFile section */

/* Begin PBXFileReference section */
		3370A633270829D5003E8119 /* Seminar1.app */ = {isa = PBXFileReference; explicitFileType = wrapper.application; includeInIndex = 0; path = Seminar1.app; sourceTree = BUILT_PRODUCTS_DIR; };
		3370A636270829D5003E8119 /* AppDelegate.swift */ = {isa = PBXFileReference; lastKnownFileType = sourcecode.swift; path = AppDelegate.swift; sourceTree = "<group>"; };
		3370A638270829D5003E8119 /* SceneDelegate.swift */ = {isa = PBXFileReference; lastKnownFileType = sourcecode.swift; path = SceneDelegate.swift; sourceTree = "<group>"; };
		3370A63A270829D5003E8119 /* ViewController.swift */ = {isa = PBXFileReference; lastKnownFileType = sourcecode.swift; path = ViewController.swift; sourceTree = "<group>"; };
		3370A63D270829D5003E8119 /* Base */ = {isa = PBXFileReference; lastKnownFileType = file.storyboard; name = Base; path = Base.lproj/Main.storyboard; sourceTree = "<group>"; };
		3370A63F270829D6003E8119 /* Assets.xcassets */ = {isa = PBXFileReference; lastKnownFileType = folder.assetcatalog; path = Assets.xcassets; sourceTree = "<group>"; };
		3370A642270829D6003E8119 /* Base */ = {isa = PBXFileReference; lastKnownFileType = file.storyboard; name = Base; path = Base.lproj/LaunchScreen.storyboard; sourceTree = "<group>"; };
		3370A644270829D6003E8119 /* Info.plist */ = {isa = PBXFileReference; lastKnownFileType = text.plist.xml; path = Info.plist; sourceTree = "<group>"; };
		3370A64A270837F3003E8119 /* SecondVC.swift */ = {isa = PBXFileReference; lastKnownFileType = sourcecode.swift; path = SecondVC.swift; sourceTree = "<group>"; };
		3370A64C27083D4F003E8119 /* DataOriginVC.swift */ = {isa = PBXFileReference; lastKnownFileType = sourcecode.swift; path = DataOriginVC.swift; sourceTree = "<group>"; };
		3370A64E27083D64003E8119 /* DataArriveVC.swift */ = {isa = PBXFileReference; lastKnownFileType = sourcecode.swift; path = DataArriveVC.swift; sourceTree = "<group>"; };
/* End PBXFileReference section */

/* Begin PBXFrameworksBuildPhase section */
		3370A630270829D5003E8119 /* Frameworks */ = {
			isa = PBXFrameworksBuildPhase;
			buildActionMask = 2147483647;
			files = (
			);
			runOnlyForDeploymentPostprocessing = 0;
		};
/* End PBXFrameworksBuildPhase section */

/* Begin PBXGroup section */
		3370A62A270829D5003E8119 = {
			isa = PBXGroup;
			children = (
				3370A635270829D5003E8119 /* Seminar1 */,
				3370A634270829D5003E8119 /* Products */,
			);
			sourceTree = "<group>";
		};
		3370A634270829D5003E8119 /* Products */ = {
			isa = PBXGroup;
			children = (
				3370A633270829D5003E8119 /* Seminar1.app */,
			);
			name = Products;
			sourceTree = "<group>";
		};
		3370A635270829D5003E8119 /* Seminar1 */ = {
			isa = PBXGroup;
			children = (
				3370A636270829D5003E8119 /* AppDelegate.swift */,
				3370A638270829D5003E8119 /* SceneDelegate.swift */,
				3370A63A270829D5003E8119 /* ViewController.swift */,
				3370A63C270829D5003E8119 /* Main.storyboard */,
				3370A63F270829D6003E8119 /* Assets.xcassets */,
				3370A641270829D6003E8119 /* LaunchScreen.storyboard */,
				3370A644270829D6003E8119 /* Info.plist */,
				3370A64A270837F3003E8119 /* SecondVC.swift */,
				3370A64C27083D4F003E8119 /* DataOriginVC.swift */,
				3370A64E27083D64003E8119 /* DataArriveVC.swift */,
			);
			path = Seminar1;
			sourceTree = "<group>";
		};
/* End PBXGroup section */

/* Begin PBXNativeTarget section */
		3370A632270829D5003E8119 /* Seminar1 */ = {
			isa = PBXNativeTarget;
			buildConfigurationList = 3370A647270829D6003E8119 /* Build configuration list for PBXNativeTarget "Seminar1" */;
			buildPhases = (
				3370A62F270829D5003E8119 /* Sources */,
				3370A630270829D5003E8119 /* Frameworks */,
				3370A631270829D5003E8119 /* Resources */,
			);
			buildRules = (
			);
			dependencies = (
			);
			name = Seminar1;
			productName = Seminar1;
			productReference = 3370A633270829D5003E8119 /* Seminar1.app */;
			productType = "com.apple.product-type.application";
		};
/* End PBXNativeTarget section */

/* Begin PBXProject section */
		3370A62B270829D5003E8119 /* Project object */ = {
			isa = PBXProject;
			attributes = {
				BuildIndependentTargetsInParallel = 1;
				LastSwiftUpdateCheck = 1300;
				LastUpgradeCheck = 1300;
				TargetAttributes = {
					3370A632270829D5003E8119 = {
						CreatedOnToolsVersion = 13.0;
					};
				};
			};
			buildConfigurationList = 3370A62E270829D5003E8119 /* Build configuration list for PBXProject "Seminar1" */;
			compatibilityVersion = "Xcode 13.0";
			developmentRegion = en;
			hasScannedForEncodings = 0;
			knownRegions = (
				en,
				Base,
			);
			mainGroup = 3370A62A270829D5003E8119;
			productRefGroup = 3370A634270829D5003E8119 /* Products */;
			projectDirPath = "";
			projectRoot = "";
			targets = (
				3370A632270829D5003E8119 /* Seminar1 */,
			);
		};
/* End PBXProject section */

/* Begin PBXResourcesBuildPhase section */
		3370A631270829D5003E8119 /* Resources */ = {
			isa = PBXResourcesBuildPhase;
			buildActionMask = 2147483647;
			files = (
				3370A643270829D6003E8119 /* LaunchScreen.storyboard in Resources */,
				3370A640270829D6003E8119 /* Assets.xcassets in Resources */,
				3370A63E270829D5003E8119 /* Main.storyboard in Resources */,
			);
			runOnlyForDeploymentPostprocessing = 0;
		};
/* End PBXResourcesBuildPhase section */

/* Begin PBXSourcesBuildPhase section */
		3370A62F270829D5003E8119 /* Sources */ = {
			isa = PBXSourcesBuildPhase;
			buildActionMask = 2147483647;
			files = (
				3370A63B270829D5003E8119 /* ViewController.swift in Sources */,
				3370A637270829D5003E8119 /* AppDelegate.swift in Sources */,
				3370A64B270837F3003E8119 /* SecondVC.swift in Sources */,
				3370A639270829D5003E8119 /* SceneDelegate.swift in Sources */,
				3370A64D27083D4F003E8119 /* DataOriginVC.swift in Sources */,
				3370A64F27083D64003E8119 /* DataArriveVC.swift in Sources */,
			);
			runOnlyForDeploymentPostprocessing = 0;
		};
/* End PBXSourcesBuildPhase section */

/* Begin PBXVariantGroup section */
		3370A63C270829D5003E8119 /* Main.storyboard */ = {
			isa = PBXVariantGroup;
			children = (
				3370A63D270829D5003E8119 /* Base */,
			);
			name = Main.storyboard;
			sourceTree = "<group>";
		};
		3370A641270829D6003E8119 /* LaunchScreen.storyboard */ = {
			isa = PBXVariantGroup;
			children = (
				3370A642270829D6003E8119 /* Base */,
			);
			name = LaunchScreen.storyboard;
			sourceTree = "<group>";
		};
/* End PBXVariantGroup section */

/* Begin XCBuildConfiguration section */
		3370A645270829D6003E8119 /* Debug */ = {
			isa = XCBuildConfiguration;
			buildSettings = {
				ALWAYS_SEARCH_USER_PATHS = NO;
				CLANG_ANALYZER_NONNULL = YES;
				CLANG_ANALYZER_NUMBER_OBJECT_CONVERSION = YES_AGGRESSIVE;
				CLANG_CXX_LANGUAGE_STANDARD = "gnu++17";
				CLANG_CXX_LIBRARY = "libc++";
				CLANG_ENABLE_MODULES = YES;
				CLANG_ENABLE_OBJC_ARC = YES;
				CLANG_ENABLE_OBJC_WEAK = YES;
				CLANG_WARN_BLOCK_CAPTURE_AUTORELEASING = YES;
				CLANG_WARN_BOOL_CONVERSION = YES;
				CLANG_WARN_COMMA = YES;
				CLANG_WARN_CONSTANT_CONVERSION = YES;
				CLANG_WARN_DEPRECATED_OBJC_IMPLEMENTATIONS = YES;
				CLANG_WARN_DIRECT_OBJC_ISA_USAGE = YES_ERROR;
				CLANG_WARN_DOCUMENTATION_COMMENTS = YES;
				CLANG_WARN_EMPTY_BODY = YES;
				CLANG_WARN_ENUM_CONVERSION = YES;
				CLANG_WARN_INFINITE_RECURSION = YES;
				CLANG_WARN_INT_CONVERSION = YES;
				CLANG_WARN_NON_LITERAL_NULL_CONVERSION = YES;
				CLANG_WARN_OBJC_IMPLICIT_RETAIN_SELF = YES;
				CLANG_WARN_OBJC_LITERAL_CONVERSION = YES;
				CLANG_WARN_OBJC_ROOT_CLASS = YES_ERROR;
				CLANG_WARN_QUOTED_INCLUDE_IN_FRAMEWORK_HEADER = YES;
				CLANG_WARN_RANGE_LOOP_ANALYSIS = YES;
				CLANG_WARN_STRICT_PROTOTYPES = YES;
				CLANG_WARN_SUSPICIOUS_MOVE = YES;
				CLANG_WARN_UNGUARDED_AVAILABILITY = YES_AGGRESSIVE;
				CLANG_WARN_UNREACHABLE_CODE = YES;
				CLANG_WARN__DUPLICATE_METHOD_MATCH = YES;
				COPY_PHASE_STRIP = NO;
				DEBUG_INFORMATION_FORMAT = dwarf;
				ENABLE_STRICT_OBJC_MSGSEND = YES;
				ENABLE_TESTABILITY = YES;
				GCC_C_LANGUAGE_STANDARD = gnu11;
				GCC_DYNAMIC_NO_PIC = NO;
				GCC_NO_COMMON_BLOCKS = YES;
				GCC_OPTIMIZATION_LEVEL = 0;
				GCC_PREPROCESSOR_DEFINITIONS = (
					"DEBUG=1",
					"$(inherited)",
				);
				GCC_WARN_64_TO_32_BIT_CONVERSION = YES;
				GCC_WARN_ABOUT_RETURN_TYPE = YES_ERROR;
				GCC_WARN_UNDECLARED_SELECTOR = YES;
				GCC_WARN_UNINITIALIZED_AUTOS = YES_AGGRESSIVE;
				GCC_WARN_UNUSED_FUNCTION = YES;
				GCC_WARN_UNUSED_VARIABLE = YES;
				IPHONEOS_DEPLOYMENT_TARGET = 15.0;
				MTL_ENABLE_DEBUG_INFO = INCLUDE_SOURCE;
				MTL_FAST_MATH = YES;
				ONLY_ACTIVE_ARCH = YES;
				SDKROOT = iphoneos;
				SWIFT_ACTIVE_COMPILATION_CONDITIONS = DEBUG;
				SWIFT_OPTIMIZATION_LEVEL = "-Onone";
			};
			name = Debug;
		};
		3370A646270829D6003E8119 /* Release */ = {
			isa = XCBuildConfiguration;
			buildSettings = {
				ALWAYS_SEARCH_USER_PATHS = NO;
				CLANG_ANALYZER_NONNULL = YES;
				CLANG_ANALYZER_NUMBER_OBJECT_CONVERSION = YES_AGGRESSIVE;
				CLANG_CXX_LANGUAGE_STANDARD = "gnu++17";
				CLANG_CXX_LIBRARY = "libc++";
				CLANG_ENABLE_MODULES = YES;
				CLANG_ENABLE_OBJC_ARC = YES;
				CLANG_ENABLE_OBJC_WEAK = YES;
				CLANG_WARN_BLOCK_CAPTURE_AUTORELEASING = YES;
				CLANG_WARN_BOOL_CONVERSION = YES;
				CLANG_WARN_COMMA = YES;
				CLANG_WARN_CONSTANT_CONVERSION = YES;
				CLANG_WARN_DEPRECATED_OBJC_IMPLEMENTATIONS = YES;
				CLANG_WARN_DIRECT_OBJC_ISA_USAGE = YES_ERROR;
				CLANG_WARN_DOCUMENTATION_COMMENTS = YES;
				CLANG_WARN_EMPTY_BODY = YES;
				CLANG_WARN_ENUM_CONVERSION = YES;
				CLANG_WARN_INFINITE_RECURSION = YES;
				CLANG_WARN_INT_CONVERSION = YES;
				CLANG_WARN_NON_LITERAL_NULL_CONVERSION = YES;
				CLANG_WARN_OBJC_IMPLICIT_RETAIN_SELF = YES;
				CLANG_WARN_OBJC_LITERAL_CONVERSION = YES;
				CLANG_WARN_OBJC_ROOT_CLASS = YES_ERROR;
				CLANG_WARN_QUOTED_INCLUDE_IN_FRAMEWORK_HEADER = YES;
				CLANG_WARN_RANGE_LOOP_ANALYSIS = YES;
				CLANG_WARN_STRICT_PROTOTYPES = YES;
				CLANG_WARN_SUSPICIOUS_MOVE = YES;
				CLANG_WARN_UNGUARDED_AVAILABILITY = YES_AGGRESSIVE;
				CLANG_WARN_UNREACHABLE_CODE = YES;
				CLANG_WARN__DUPLICATE_METHOD_MATCH = YES;
				COPY_PHASE_STRIP = NO;
				DEBUG_INFORMATION_FORMAT = "dwarf-with-dsym";
				ENABLE_NS_ASSERTIONS = NO;
				ENABLE_STRICT_OBJC_MSGSEND = YES;
				GCC_C_LANGUAGE_STANDARD = gnu11;
				GCC_NO_COMMON_BLOCKS = YES;
				GCC_WARN_64_TO_32_BIT_CONVERSION = YES;
				GCC_WARN_ABOUT_RETURN_TYPE = YES_ERROR;
				GCC_WARN_UNDECLARED_SELECTOR = YES;
				GCC_WARN_UNINITIALIZED_AUTOS = YES_AGGRESSIVE;
				GCC_WARN_UNUSED_FUNCTION = YES;
				GCC_WARN_UNUSED_VARIABLE = YES;
				IPHONEOS_DEPLOYMENT_TARGET = 15.0;
				MTL_ENABLE_DEBUG_INFO = NO;
				MTL_FAST_MATH = YES;
				SDKROOT = iphoneos;
				SWIFT_COMPILATION_MODE = wholemodule;
				SWIFT_OPTIMIZATION_LEVEL = "-O";
				VALIDATE_PRODUCT = YES;
			};
			name = Release;
		};
		3370A648270829D6003E8119 /* Debug */ = {
			isa = XCBuildConfiguration;
			buildSettings = {
				ASSETCATALOG_COMPILER_APPICON_NAME = AppIcon;
				ASSETCATALOG_COMPILER_GLOBAL_ACCENT_COLOR_NAME = AccentColor;
				CODE_SIGN_STYLE = Automatic;
				CURRENT_PROJECT_VERSION = 1;
				DEVELOPMENT_TEAM = 2ZS26WP93H;
				GENERATE_INFOPLIST_FILE = YES;
				INFOPLIST_FILE = Seminar1/Info.plist;
				INFOPLIST_KEY_UIApplicationSupportsIndirectInputEvents = YES;
				INFOPLIST_KEY_UILaunchStoryboardName = LaunchScreen;
				INFOPLIST_KEY_UIMainStoryboardFile = Main;
				INFOPLIST_KEY_UISupportedInterfaceOrientations_iPad = "UIInterfaceOrientationPortrait UIInterfaceOrientationPortraitUpsideDown UIInterfaceOrientationLandscapeLeft UIInterfaceOrientationLandscapeRight";
				INFOPLIST_KEY_UISupportedInterfaceOrientations_iPhone = "UIInterfaceOrientationPortrait UIInterfaceOrientationLandscapeLeft UIInterfaceOrientationLandscapeRight";
				LD_RUNPATH_SEARCH_PATHS = (
					"$(inherited)",
					"@executable_path/Frameworks",
				);
				MARKETING_VERSION = 1.0;
				PRODUCT_BUNDLE_IDENTIFIER = com.swift.hwangji.Seminar1;
				PRODUCT_NAME = "$(TARGET_NAME)";
				SWIFT_EMIT_LOC_STRINGS = YES;
				SWIFT_VERSION = 5.0;
				TARGETED_DEVICE_FAMILY = "1,2";
			};
			name = Debug;
		};
		3370A649270829D6003E8119 /* Release */ = {
			isa = XCBuildConfiguration;
			buildSettings = {
				ASSETCATALOG_COMPILER_APPICON_NAME = AppIcon;
				ASSETCATALOG_COMPILER_GLOBAL_ACCENT_COLOR_NAME = AccentColor;
				CODE_SIGN_STYLE = Automatic;
				CURRENT_PROJECT_VERSION = 1;
				DEVELOPMENT_TEAM = 2ZS26WP93H;
				GENERATE_INFOPLIST_FILE = YES;
				INFOPLIST_FILE = Seminar1/Info.plist;
				INFOPLIST_KEY_UIApplicationSupportsIndirectInputEvents = YES;
				INFOPLIST_KEY_UILaunchStoryboardName = LaunchScreen;
				INFOPLIST_KEY_UIMainStoryboardFile = Main;
				INFOPLIST_KEY_UISupportedInterfaceOrientations_iPad = "UIInterfaceOrientationPortrait UIInterfaceOrientationPortraitUpsideDown UIInterfaceOrientationLandscapeLeft UIInterfaceOrientationLandscapeRight";
				INFOPLIST_KEY_UISupportedInterfaceOrientations_iPhone = "UIInterfaceOrientationPortrait UIInterfaceOrientationLandscapeLeft UIInterfaceOrientationLandscapeRight";
				LD_RUNPATH_SEARCH_PATHS = (
					"$(inherited)",
					"@executable_path/Frameworks",
				);
				MARKETING_VERSION = 1.0;
				PRODUCT_BUNDLE_IDENTIFIER = com.swift.hwangji.Seminar1;
				PRODUCT_NAME = "$(TARGET_NAME)";
				SWIFT_EMIT_LOC_STRINGS = YES;
				SWIFT_VERSION = 5.0;
				TARGETED_DEVICE_FAMILY = "1,2";
			};
			name = Release;
		};
/* End XCBuildConfiguration section */

/* Begin XCConfigurationList section */
		3370A62E270829D5003E8119 /* Build configuration list for PBXProject "Seminar1" */ = {
			isa = XCConfigurationList;
			buildConfigurations = (
				3370A645270829D6003E8119 /* Debug */,
				3370A646270829D6003E8119 /* Release */,
			);
			defaultConfigurationIsVisible = 0;
			defaultConfigurationName = Release;
		};
		3370A647270829D6003E8119 /* Build configuration list for PBXNativeTarget "Seminar1" */ = {
			isa = XCConfigurationList;
			buildConfigurations = (
				3370A648270829D6003E8119 /* Debug */,
				3370A649270829D6003E8119 /* Release */,
			);
			defaultConfigurationIsVisible = 0;
			defaultConfigurationName = Release;
		};
/* End XCConfigurationList section */
	};
	rootObject = 3370A62B270829D5003E8119 /* Project object */;
}
