// !$*UTF8*$!
{
	archiveVersion = 1;
	classes = {
	};
	objectVersion = 55;
	objects = {

/* Begin PBXBuildFile section */
		33E25992270F3537009435EA /* AppDelegate.swift in Sources */ = {isa = PBXBuildFile; fileRef = 33E25991270F3537009435EA /* AppDelegate.swift */; };
		33E25994270F3537009435EA /* SceneDelegate.swift in Sources */ = {isa = PBXBuildFile; fileRef = 33E25993270F3537009435EA /* SceneDelegate.swift */; };
		33E2599B270F3538009435EA /* Assets.xcassets in Resources */ = {isa = PBXBuildFile; fileRef = 33E2599A270F3538009435EA /* Assets.xcassets */; };
		33E2599E270F3538009435EA /* LaunchScreen.storyboard in Resources */ = {isa = PBXBuildFile; fileRef = 33E2599C270F3538009435EA /* LaunchScreen.storyboard */; };
		33E259AE270F3672009435EA /* UIColor+Additions.swift in Sources */ = {isa = PBXBuildFile; fileRef = 33E259AD270F3672009435EA /* UIColor+Additions.swift */; };
		33E259B0270F36BA009435EA /* Sign.storyboard in Resources */ = {isa = PBXBuildFile; fileRef = 33E259AF270F36BA009435EA /* Sign.storyboard */; };
		33E259B2270F36E6009435EA /* SignInVC.swift in Sources */ = {isa = PBXBuildFile; fileRef = 33E259B1270F36E6009435EA /* SignInVC.swift */; };
		33E259B4270F36F0009435EA /* SignUpVC.swift in Sources */ = {isa = PBXBuildFile; fileRef = 33E259B3270F36F0009435EA /* SignUpVC.swift */; };
		33E259B6270F3700009435EA /* SignConfirmVC.swift in Sources */ = {isa = PBXBuildFile; fileRef = 33E259B5270F3700009435EA /* SignConfirmVC.swift */; };
		33E259B8270F3F1D009435EA /* UITextfield+Extension.swift in Sources */ = {isa = PBXBuildFile; fileRef = 33E259B7270F3F1D009435EA /* UITextfield+Extension.swift */; };
/* End PBXBuildFile section */

/* Begin PBXFileReference section */
		33E2598E270F3537009435EA /* 29th_Assign_Youtube_Clone.app */ = {isa = PBXFileReference; explicitFileType = wrapper.application; includeInIndex = 0; path = 29th_Assign_Youtube_Clone.app; sourceTree = BUILT_PRODUCTS_DIR; };
		33E25991270F3537009435EA /* AppDelegate.swift */ = {isa = PBXFileReference; lastKnownFileType = sourcecode.swift; path = AppDelegate.swift; sourceTree = "<group>"; };
		33E25993270F3537009435EA /* SceneDelegate.swift */ = {isa = PBXFileReference; lastKnownFileType = sourcecode.swift; path = SceneDelegate.swift; sourceTree = "<group>"; };
		33E2599A270F3538009435EA /* Assets.xcassets */ = {isa = PBXFileReference; lastKnownFileType = folder.assetcatalog; path = Assets.xcassets; sourceTree = "<group>"; };
		33E2599D270F3538009435EA /* Base */ = {isa = PBXFileReference; lastKnownFileType = file.storyboard; name = Base; path = Base.lproj/LaunchScreen.storyboard; sourceTree = "<group>"; };
		33E2599F270F3538009435EA /* Info.plist */ = {isa = PBXFileReference; lastKnownFileType = text.plist.xml; path = Info.plist; sourceTree = "<group>"; };
		33E259AD270F3672009435EA /* UIColor+Additions.swift */ = {isa = PBXFileReference; lastKnownFileType = sourcecode.swift; path = "UIColor+Additions.swift"; sourceTree = "<group>"; };
		33E259AF270F36BA009435EA /* Sign.storyboard */ = {isa = PBXFileReference; lastKnownFileType = file.storyboard; path = Sign.storyboard; sourceTree = "<group>"; };
		33E259B1270F36E6009435EA /* SignInVC.swift */ = {isa = PBXFileReference; lastKnownFileType = sourcecode.swift; path = SignInVC.swift; sourceTree = "<group>"; };
		33E259B3270F36F0009435EA /* SignUpVC.swift */ = {isa = PBXFileReference; lastKnownFileType = sourcecode.swift; path = SignUpVC.swift; sourceTree = "<group>"; };
		33E259B5270F3700009435EA /* SignConfirmVC.swift */ = {isa = PBXFileReference; lastKnownFileType = sourcecode.swift; path = SignConfirmVC.swift; sourceTree = "<group>"; };
		33E259B7270F3F1D009435EA /* UITextfield+Extension.swift */ = {isa = PBXFileReference; lastKnownFileType = sourcecode.swift; path = "UITextfield+Extension.swift"; sourceTree = "<group>"; };
/* End PBXFileReference section */

/* Begin PBXFrameworksBuildPhase section */
		33E2598B270F3537009435EA /* Frameworks */ = {
			isa = PBXFrameworksBuildPhase;
			buildActionMask = 2147483647;
			files = (
			);
			runOnlyForDeploymentPostprocessing = 0;
		};
/* End PBXFrameworksBuildPhase section */

/* Begin PBXGroup section */
		33E25985270F3537009435EA = {
			isa = PBXGroup;
			children = (
				33E25990270F3537009435EA /* 29th_Assign_Youtube_Clone */,
				33E2598F270F3537009435EA /* Products */,
			);
			sourceTree = "<group>";
		};
		33E2598F270F3537009435EA /* Products */ = {
			isa = PBXGroup;
			children = (
				33E2598E270F3537009435EA /* 29th_Assign_Youtube_Clone.app */,
			);
			name = Products;
			sourceTree = "<group>";
		};
		33E25990270F3537009435EA /* 29th_Assign_Youtube_Clone */ = {
			isa = PBXGroup;
			children = (
				33E259A5270F3574009435EA /* Global */,
				33E259A6270F357F009435EA /* Network */,
				33E259A7270F3586009435EA /* Screens */,
				33E259A8270F358F009435EA /* Supports */,
			);
			path = 29th_Assign_Youtube_Clone;
			sourceTree = "<group>";
		};
		33E259A5270F3574009435EA /* Global */ = {
			isa = PBXGroup;
			children = (
				33E259AC270F3663009435EA /* Extensions */,
				33E2599C270F3538009435EA /* LaunchScreen.storyboard */,
			);
			path = Global;
			sourceTree = "<group>";
		};
		33E259A6270F357F009435EA /* Network */ = {
			isa = PBXGroup;
			children = (
			);
			path = Network;
			sourceTree = "<group>";
		};
		33E259A7270F3586009435EA /* Screens */ = {
			isa = PBXGroup;
			children = (
				33E259A9270F35EC009435EA /* Sign */,
			);
			path = Screens;
			sourceTree = "<group>";
		};
		33E259A8270F358F009435EA /* Supports */ = {
			isa = PBXGroup;
			children = (
				33E2599F270F3538009435EA /* Info.plist */,
				33E25991270F3537009435EA /* AppDelegate.swift */,
				33E25993270F3537009435EA /* SceneDelegate.swift */,
				33E2599A270F3538009435EA /* Assets.xcassets */,
			);
			path = Supports;
			sourceTree = "<group>";
		};
		33E259A9270F35EC009435EA /* Sign */ = {
			isa = PBXGroup;
			children = (
				33E259AA270F362F009435EA /* Storyboard */,
				33E259AB270F363F009435EA /* Controllers */,
			);
			path = Sign;
			sourceTree = "<group>";
		};
		33E259AA270F362F009435EA /* Storyboard */ = {
			isa = PBXGroup;
			children = (
				33E259AF270F36BA009435EA /* Sign.storyboard */,
			);
			path = Storyboard;
			sourceTree = "<group>";
		};
		33E259AB270F363F009435EA /* Controllers */ = {
			isa = PBXGroup;
			children = (
				33E259B1270F36E6009435EA /* SignInVC.swift */,
				33E259B3270F36F0009435EA /* SignUpVC.swift */,
				33E259B5270F3700009435EA /* SignConfirmVC.swift */,
			);
			path = Controllers;
			sourceTree = "<group>";
		};
		33E259AC270F3663009435EA /* Extensions */ = {
			isa = PBXGroup;
			children = (
				33E259AD270F3672009435EA /* UIColor+Additions.swift */,
				33E259B7270F3F1D009435EA /* UITextfield+Extension.swift */,
			);
			path = Extensions;
			sourceTree = "<group>";
		};
/* End PBXGroup section */

/* Begin PBXNativeTarget section */
		33E2598D270F3537009435EA /* 29th_Assign_Youtube_Clone */ = {
			isa = PBXNativeTarget;
			buildConfigurationList = 33E259A2270F3538009435EA /* Build configuration list for PBXNativeTarget "29th_Assign_Youtube_Clone" */;
			buildPhases = (
				33E2598A270F3537009435EA /* Sources */,
				33E2598B270F3537009435EA /* Frameworks */,
				33E2598C270F3537009435EA /* Resources */,
			);
			buildRules = (
			);
			dependencies = (
			);
			name = 29th_Assign_Youtube_Clone;
			productName = 29th_Assign_Youtube_Clone;
			productReference = 33E2598E270F3537009435EA /* 29th_Assign_Youtube_Clone.app */;
			productType = "com.apple.product-type.application";
		};
/* End PBXNativeTarget section */

/* Begin PBXProject section */
		33E25986270F3537009435EA /* Project object */ = {
			isa = PBXProject;
			attributes = {
				BuildIndependentTargetsInParallel = 1;
				LastSwiftUpdateCheck = 1300;
				LastUpgradeCheck = 1300;
				TargetAttributes = {
					33E2598D270F3537009435EA = {
						CreatedOnToolsVersion = 13.0;
					};
				};
			};
			buildConfigurationList = 33E25989270F3537009435EA /* Build configuration list for PBXProject "29th_Assign_Youtube_Clone" */;
			compatibilityVersion = "Xcode 13.0";
			developmentRegion = en;
			hasScannedForEncodings = 0;
			knownRegions = (
				en,
				Base,
			);
			mainGroup = 33E25985270F3537009435EA;
			productRefGroup = 33E2598F270F3537009435EA /* Products */;
			projectDirPath = "";
			projectRoot = "";
			targets = (
				33E2598D270F3537009435EA /* 29th_Assign_Youtube_Clone */,
			);
		};
/* End PBXProject section */

/* Begin PBXResourcesBuildPhase section */
		33E2598C270F3537009435EA /* Resources */ = {
			isa = PBXResourcesBuildPhase;
			buildActionMask = 2147483647;
			files = (
				33E2599E270F3538009435EA /* LaunchScreen.storyboard in Resources */,
				33E259B0270F36BA009435EA /* Sign.storyboard in Resources */,
				33E2599B270F3538009435EA /* Assets.xcassets in Resources */,
			);
			runOnlyForDeploymentPostprocessing = 0;
		};
/* End PBXResourcesBuildPhase section */

/* Begin PBXSourcesBuildPhase section */
		33E2598A270F3537009435EA /* Sources */ = {
			isa = PBXSourcesBuildPhase;
			buildActionMask = 2147483647;
			files = (
				33E259AE270F3672009435EA /* UIColor+Additions.swift in Sources */,
				33E25992270F3537009435EA /* AppDelegate.swift in Sources */,
				33E259B2270F36E6009435EA /* SignInVC.swift in Sources */,
				33E259B4270F36F0009435EA /* SignUpVC.swift in Sources */,
				33E259B8270F3F1D009435EA /* UITextfield+Extension.swift in Sources */,
				33E259B6270F3700009435EA /* SignConfirmVC.swift in Sources */,
				33E25994270F3537009435EA /* SceneDelegate.swift in Sources */,
			);
			runOnlyForDeploymentPostprocessing = 0;
		};
/* End PBXSourcesBuildPhase section */

/* Begin PBXVariantGroup section */
		33E2599C270F3538009435EA /* LaunchScreen.storyboard */ = {
			isa = PBXVariantGroup;
			children = (
				33E2599D270F3538009435EA /* Base */,
			);
			name = LaunchScreen.storyboard;
			sourceTree = "<group>";
		};
/* End PBXVariantGroup section */

/* Begin XCBuildConfiguration section */
		33E259A0270F3538009435EA /* Debug */ = {
			isa = XCBuildConfiguration;
			buildSettings = {
				ALWAYS_SEARCH_USER_PATHS = NO;
				CLANG_ANALYZER_NONNULL = YES;
				CLANG_ANALYZER_NUMBER_OBJECT_CONVERSION = YES_AGGRESSIVE;
				CLANG_CXX_LANGUAGE_STANDARD = "gnu++17";
				CLANG_CXX_LIBRARY = "libc++";
				CLANG_ENABLE_MODULES = YES;
				CLANG_ENABLE_OBJC_ARC = YES;
				CLANG_ENABLE_OBJC_WEAK = YES;
				CLANG_WARN_BLOCK_CAPTURE_AUTORELEASING = YES;
				CLANG_WARN_BOOL_CONVERSION = YES;
				CLANG_WARN_COMMA = YES;
				CLANG_WARN_CONSTANT_CONVERSION = YES;
				CLANG_WARN_DEPRECATED_OBJC_IMPLEMENTATIONS = YES;
				CLANG_WARN_DIRECT_OBJC_ISA_USAGE = YES_ERROR;
				CLANG_WARN_DOCUMENTATION_COMMENTS = YES;
				CLANG_WARN_EMPTY_BODY = YES;
				CLANG_WARN_ENUM_CONVERSION = YES;
				CLANG_WARN_INFINITE_RECURSION = YES;
				CLANG_WARN_INT_CONVERSION = YES;
				CLANG_WARN_NON_LITERAL_NULL_CONVERSION = YES;
				CLANG_WARN_OBJC_IMPLICIT_RETAIN_SELF = YES;
				CLANG_WARN_OBJC_LITERAL_CONVERSION = YES;
				CLANG_WARN_OBJC_ROOT_CLASS = YES_ERROR;
				CLANG_WARN_QUOTED_INCLUDE_IN_FRAMEWORK_HEADER = YES;
				CLANG_WARN_RANGE_LOOP_ANALYSIS = YES;
				CLANG_WARN_STRICT_PROTOTYPES = YES;
				CLANG_WARN_SUSPICIOUS_MOVE = YES;
				CLANG_WARN_UNGUARDED_AVAILABILITY = YES_AGGRESSIVE;
				CLANG_WARN_UNREACHABLE_CODE = YES;
				CLANG_WARN__DUPLICATE_METHOD_MATCH = YES;
				COPY_PHASE_STRIP = NO;
				DEBUG_INFORMATION_FORMAT = dwarf;
				ENABLE_STRICT_OBJC_MSGSEND = YES;
				ENABLE_TESTABILITY = YES;
				GCC_C_LANGUAGE_STANDARD = gnu11;
				GCC_DYNAMIC_NO_PIC = NO;
				GCC_NO_COMMON_BLOCKS = YES;
				GCC_OPTIMIZATION_LEVEL = 0;
				GCC_PREPROCESSOR_DEFINITIONS = (
					"DEBUG=1",
					"$(inherited)",
				);
				GCC_WARN_64_TO_32_BIT_CONVERSION = YES;
				GCC_WARN_ABOUT_RETURN_TYPE = YES_ERROR;
				GCC_WARN_UNDECLARED_SELECTOR = YES;
				GCC_WARN_UNINITIALIZED_AUTOS = YES_AGGRESSIVE;
				GCC_WARN_UNUSED_FUNCTION = YES;
				GCC_WARN_UNUSED_VARIABLE = YES;
				IPHONEOS_DEPLOYMENT_TARGET = 15.0;
				MTL_ENABLE_DEBUG_INFO = INCLUDE_SOURCE;
				MTL_FAST_MATH = YES;
				ONLY_ACTIVE_ARCH = YES;
				SDKROOT = iphoneos;
				SWIFT_ACTIVE_COMPILATION_CONDITIONS = DEBUG;
				SWIFT_OPTIMIZATION_LEVEL = "-Onone";
			};
			name = Debug;
		};
		33E259A1270F3538009435EA /* Release */ = {
			isa = XCBuildConfiguration;
			buildSettings = {
				ALWAYS_SEARCH_USER_PATHS = NO;
				CLANG_ANALYZER_NONNULL = YES;
				CLANG_ANALYZER_NUMBER_OBJECT_CONVERSION = YES_AGGRESSIVE;
				CLANG_CXX_LANGUAGE_STANDARD = "gnu++17";
				CLANG_CXX_LIBRARY = "libc++";
				CLANG_ENABLE_MODULES = YES;
				CLANG_ENABLE_OBJC_ARC = YES;
				CLANG_ENABLE_OBJC_WEAK = YES;
				CLANG_WARN_BLOCK_CAPTURE_AUTORELEASING = YES;
				CLANG_WARN_BOOL_CONVERSION = YES;
				CLANG_WARN_COMMA = YES;
				CLANG_WARN_CONSTANT_CONVERSION = YES;
				CLANG_WARN_DEPRECATED_OBJC_IMPLEMENTATIONS = YES;
				CLANG_WARN_DIRECT_OBJC_ISA_USAGE = YES_ERROR;
				CLANG_WARN_DOCUMENTATION_COMMENTS = YES;
				CLANG_WARN_EMPTY_BODY = YES;
				CLANG_WARN_ENUM_CONVERSION = YES;
				CLANG_WARN_INFINITE_RECURSION = YES;
				CLANG_WARN_INT_CONVERSION = YES;
				CLANG_WARN_NON_LITERAL_NULL_CONVERSION = YES;
				CLANG_WARN_OBJC_IMPLICIT_RETAIN_SELF = YES;
				CLANG_WARN_OBJC_LITERAL_CONVERSION = YES;
				CLANG_WARN_OBJC_ROOT_CLASS = YES_ERROR;
				CLANG_WARN_QUOTED_INCLUDE_IN_FRAMEWORK_HEADER = YES;
				CLANG_WARN_RANGE_LOOP_ANALYSIS = YES;
				CLANG_WARN_STRICT_PROTOTYPES = YES;
				CLANG_WARN_SUSPICIOUS_MOVE = YES;
				CLANG_WARN_UNGUARDED_AVAILABILITY = YES_AGGRESSIVE;
				CLANG_WARN_UNREACHABLE_CODE = YES;
				CLANG_WARN__DUPLICATE_METHOD_MATCH = YES;
				COPY_PHASE_STRIP = NO;
				DEBUG_INFORMATION_FORMAT = "dwarf-with-dsym";
				ENABLE_NS_ASSERTIONS = NO;
				ENABLE_STRICT_OBJC_MSGSEND = YES;
				GCC_C_LANGUAGE_STANDARD = gnu11;
				GCC_NO_COMMON_BLOCKS = YES;
				GCC_WARN_64_TO_32_BIT_CONVERSION = YES;
				GCC_WARN_ABOUT_RETURN_TYPE = YES_ERROR;
				GCC_WARN_UNDECLARED_SELECTOR = YES;
				GCC_WARN_UNINITIALIZED_AUTOS = YES_AGGRESSIVE;
				GCC_WARN_UNUSED_FUNCTION = YES;
				GCC_WARN_UNUSED_VARIABLE = YES;
				IPHONEOS_DEPLOYMENT_TARGET = 15.0;
				MTL_ENABLE_DEBUG_INFO = NO;
				MTL_FAST_MATH = YES;
				SDKROOT = iphoneos;
				SWIFT_COMPILATION_MODE = wholemodule;
				SWIFT_OPTIMIZATION_LEVEL = "-O";
				VALIDATE_PRODUCT = YES;
			};
			name = Release;
		};
		33E259A3270F3538009435EA /* Debug */ = {
			isa = XCBuildConfiguration;
			buildSettings = {
				ASSETCATALOG_COMPILER_APPICON_NAME = AppIcon;
				ASSETCATALOG_COMPILER_GLOBAL_ACCENT_COLOR_NAME = AccentColor;
				CODE_SIGN_STYLE = Automatic;
				CURRENT_PROJECT_VERSION = 1;
				DEVELOPMENT_TEAM = 2ZS26WP93H;
				GENERATE_INFOPLIST_FILE = YES;
				INFOPLIST_FILE = 29th_Assign_Youtube_Clone/Info.plist;
				INFOPLIST_KEY_UIApplicationSupportsIndirectInputEvents = YES;
				INFOPLIST_KEY_UILaunchStoryboardName = LaunchScreen;
				INFOPLIST_KEY_UIMainStoryboardFile = Sign;
				INFOPLIST_KEY_UISupportedInterfaceOrientations_iPad = "UIInterfaceOrientationPortrait UIInterfaceOrientationPortraitUpsideDown UIInterfaceOrientationLandscapeLeft UIInterfaceOrientationLandscapeRight";
				INFOPLIST_KEY_UISupportedInterfaceOrientations_iPhone = "UIInterfaceOrientationPortrait UIInterfaceOrientationLandscapeLeft UIInterfaceOrientationLandscapeRight";
				LD_RUNPATH_SEARCH_PATHS = (
					"$(inherited)",
					"@executable_path/Frameworks",
				);
				MARKETING_VERSION = 1.0;
				PRODUCT_BUNDLE_IDENTIFIER = "com.swift.hwangji.-9th-Assign-Youtube-Clone";
				PRODUCT_NAME = "$(TARGET_NAME)";
				SWIFT_EMIT_LOC_STRINGS = YES;
				SWIFT_VERSION = 5.0;
				TARGETED_DEVICE_FAMILY = 1;
			};
			name = Debug;
		};
		33E259A4270F3538009435EA /* Release */ = {
			isa = XCBuildConfiguration;
			buildSettings = {
				ASSETCATALOG_COMPILER_APPICON_NAME = AppIcon;
				ASSETCATALOG_COMPILER_GLOBAL_ACCENT_COLOR_NAME = AccentColor;
				CODE_SIGN_STYLE = Automatic;
				CURRENT_PROJECT_VERSION = 1;
				DEVELOPMENT_TEAM = 2ZS26WP93H;
				GENERATE_INFOPLIST_FILE = YES;
				INFOPLIST_FILE = 29th_Assign_Youtube_Clone/Info.plist;
				INFOPLIST_KEY_UIApplicationSupportsIndirectInputEvents = YES;
				INFOPLIST_KEY_UILaunchStoryboardName = LaunchScreen;
				INFOPLIST_KEY_UIMainStoryboardFile = Sign;
				INFOPLIST_KEY_UISupportedInterfaceOrientations_iPad = "UIInterfaceOrientationPortrait UIInterfaceOrientationPortraitUpsideDown UIInterfaceOrientationLandscapeLeft UIInterfaceOrientationLandscapeRight";
				INFOPLIST_KEY_UISupportedInterfaceOrientations_iPhone = "UIInterfaceOrientationPortrait UIInterfaceOrientationLandscapeLeft UIInterfaceOrientationLandscapeRight";
				LD_RUNPATH_SEARCH_PATHS = (
					"$(inherited)",
					"@executable_path/Frameworks",
				);
				MARKETING_VERSION = 1.0;
				PRODUCT_BUNDLE_IDENTIFIER = "com.swift.hwangji.-9th-Assign-Youtube-Clone";
				PRODUCT_NAME = "$(TARGET_NAME)";
				SWIFT_EMIT_LOC_STRINGS = YES;
				SWIFT_VERSION = 5.0;
				TARGETED_DEVICE_FAMILY = 1;
			};
			name = Release;
		};
/* End XCBuildConfiguration section */

/* Begin XCConfigurationList section */
		33E25989270F3537009435EA /* Build configuration list for PBXProject "29th_Assign_Youtube_Clone" */ = {
			isa = XCConfigurationList;
			buildConfigurations = (
				33E259A0270F3538009435EA /* Debug */,
				33E259A1270F3538009435EA /* Release */,
			);
			defaultConfigurationIsVisible = 0;
			defaultConfigurationName = Release;
		};
		33E259A2270F3538009435EA /* Build configuration list for PBXNativeTarget "29th_Assign_Youtube_Clone" */ = {
			isa = XCConfigurationList;
			buildConfigurations = (
				33E259A3270F3538009435EA /* Debug */,
				33E259A4270F3538009435EA /* Release */,
			);
			defaultConfigurationIsVisible = 0;
			defaultConfigurationName = Release;
		};
/* End XCConfigurationList section */
	};
	rootObject = 33E25986270F3537009435EA /* Project object */;
}
