// !$*UTF8*$!
{
	archiveVersion = 1;
	classes = {
	};
	objectVersion = 55;
	objects = {

/* Begin PBXBuildFile section */
		33E25992270F3537009435EA /* AppDelegate.swift in Sources */ = {isa = PBXBuildFile; fileRef = 33E25991270F3537009435EA /* AppDelegate.swift */; };
		33E25994270F3537009435EA /* SceneDelegate.swift in Sources */ = {isa = PBXBuildFile; fileRef = 33E25993270F3537009435EA /* SceneDelegate.swift */; };
		33E2599B270F3538009435EA /* Assets.xcassets in Resources */ = {isa = PBXBuildFile; fileRef = 33E2599A270F3538009435EA /* Assets.xcassets */; };
		33E2599E270F3538009435EA /* LaunchScreen.storyboard in Resources */ = {isa = PBXBuildFile; fileRef = 33E2599C270F3538009435EA /* LaunchScreen.storyboard */; };
		33E259AE270F3672009435EA /* UIColor+Additions.swift in Sources */ = {isa = PBXBuildFile; fileRef = 33E259AD270F3672009435EA /* UIColor+Additions.swift */; };
		33E259B0270F36BA009435EA /* Sign.storyboard in Resources */ = {isa = PBXBuildFile; fileRef = 33E259AF270F36BA009435EA /* Sign.storyboard */; };
		33E259B2270F36E6009435EA /* SignInVC.swift in Sources */ = {isa = PBXBuildFile; fileRef = 33E259B1270F36E6009435EA /* SignInVC.swift */; };
		33E259B4270F36F0009435EA /* SignUpVC.swift in Sources */ = {isa = PBXBuildFile; fileRef = 33E259B3270F36F0009435EA /* SignUpVC.swift */; };
		33E259B6270F3700009435EA /* SignConfirmVC.swift in Sources */ = {isa = PBXBuildFile; fileRef = 33E259B5270F3700009435EA /* SignConfirmVC.swift */; };
		33E259B8270F3F1D009435EA /* UITextfield+Extension.swift in Sources */ = {isa = PBXBuildFile; fileRef = 33E259B7270F3F1D009435EA /* UITextfield+Extension.swift */; };
		33F46D732721D5CF00520C4A /* SF-Pro-Display-Bold.otf in Resources */ = {isa = PBXBuildFile; fileRef = 33F46D702721D5BE00520C4A /* SF-Pro-Display-Bold.otf */; };
		33F46D742721D5D200520C4A /* SF-Pro-Display-Regular.otf in Resources */ = {isa = PBXBuildFile; fileRef = 33F46D722721D5C800520C4A /* SF-Pro-Display-Regular.otf */; };
		33F46D752721D5D400520C4A /* SF-Pro-Display-Light.otf in Resources */ = {isa = PBXBuildFile; fileRef = 33F46D6F2721D5BA00520C4A /* SF-Pro-Display-Light.otf */; };
		33F46D762721D5D600520C4A /* SF-Pro-Display-Semibold.otf in Resources */ = {isa = PBXBuildFile; fileRef = 33F46D6E2721D5B600520C4A /* SF-Pro-Display-Semibold.otf */; };
		33F46D772721D5D800520C4A /* SF-Pro-Display-Medium.otf in Resources */ = {isa = PBXBuildFile; fileRef = 33F46D712721D5C200520C4A /* SF-Pro-Display-Medium.otf */; };
		33F46D7B2721DF9900520C4A /* UIButton+Extension.swift in Sources */ = {isa = PBXBuildFile; fileRef = 33F46D7A2721DF9900520C4A /* UIButton+Extension.swift */; };
		33F46D802721E36300520C4A /* SignTopReusableView.xib in Resources */ = {isa = PBXBuildFile; fileRef = 33F46D7F2721E36300520C4A /* SignTopReusableView.xib */; };
		33F46D842721E41A00520C4A /* SignTopReusableView.swift in Sources */ = {isa = PBXBuildFile; fileRef = 33F46D832721E41A00520C4A /* SignTopReusableView.swift */; };
		33F46D882721FA2300520C4A /* YoutubeTBC.swift in Sources */ = {isa = PBXBuildFile; fileRef = 33F46D872721FA2300520C4A /* YoutubeTBC.swift */; };
		33F46D8D2721FAB500520C4A /* TabBar.storyboard in Resources */ = {isa = PBXBuildFile; fileRef = 33F46D8C2721FAB500520C4A /* TabBar.storyboard */; };
		33F46D9E2721FC8A00520C4A /* Home.storyboard in Resources */ = {isa = PBXBuildFile; fileRef = 33F46D9D2721FC8A00520C4A /* Home.storyboard */; };
		33F46DA02721FC9600520C4A /* HomeVC.swift in Sources */ = {isa = PBXBuildFile; fileRef = 33F46D9F2721FC9600520C4A /* HomeVC.swift */; };
		33F46DA22721FCB400520C4A /* Shorts.storyboard in Resources */ = {isa = PBXBuildFile; fileRef = 33F46DA12721FCB400520C4A /* Shorts.storyboard */; };
		33F46DA42721FCC300520C4A /* ShortsVC.swift in Sources */ = {isa = PBXBuildFile; fileRef = 33F46DA32721FCC300520C4A /* ShortsVC.swift */; };
		33F46DA62721FCCB00520C4A /* Add.storyboard in Resources */ = {isa = PBXBuildFile; fileRef = 33F46DA52721FCCB00520C4A /* Add.storyboard */; };
		33F46DA82721FCD700520C4A /* AddVC.swift in Sources */ = {isa = PBXBuildFile; fileRef = 33F46DA72721FCD700520C4A /* AddVC.swift */; };
		33F46DAA2721FCE200520C4A /* Subscribe.storyboard in Resources */ = {isa = PBXBuildFile; fileRef = 33F46DA92721FCE200520C4A /* Subscribe.storyboard */; };
		33F46DAC2721FCF200520C4A /* SubscribeVC.swift in Sources */ = {isa = PBXBuildFile; fileRef = 33F46DAB2721FCF200520C4A /* SubscribeVC.swift */; };
		33F46DAE2721FCFC00520C4A /* Cabinet.storyboard in Resources */ = {isa = PBXBuildFile; fileRef = 33F46DAD2721FCFC00520C4A /* Cabinet.storyboard */; };
		33F46DB02721FD0A00520C4A /* CabinetVC.swift in Sources */ = {isa = PBXBuildFile; fileRef = 33F46DAF2721FD0A00520C4A /* CabinetVC.swift */; };
/* End PBXBuildFile section */

/* Begin PBXFileReference section */
		33E2598E270F3537009435EA /* 29th_Assign_Youtube_Clone.app */ = {isa = PBXFileReference; explicitFileType = wrapper.application; includeInIndex = 0; path = 29th_Assign_Youtube_Clone.app; sourceTree = BUILT_PRODUCTS_DIR; };
		33E25991270F3537009435EA /* AppDelegate.swift */ = {isa = PBXFileReference; lastKnownFileType = sourcecode.swift; path = AppDelegate.swift; sourceTree = "<group>"; };
		33E25993270F3537009435EA /* SceneDelegate.swift */ = {isa = PBXFileReference; lastKnownFileType = sourcecode.swift; path = SceneDelegate.swift; sourceTree = "<group>"; };
		33E2599A270F3538009435EA /* Assets.xcassets */ = {isa = PBXFileReference; lastKnownFileType = folder.assetcatalog; path = Assets.xcassets; sourceTree = "<group>"; };
		33E2599D270F3538009435EA /* Base */ = {isa = PBXFileReference; lastKnownFileType = file.storyboard; name = Base; path = Base.lproj/LaunchScreen.storyboard; sourceTree = "<group>"; };
		33E2599F270F3538009435EA /* Info.plist */ = {isa = PBXFileReference; lastKnownFileType = text.plist.xml; path = Info.plist; sourceTree = "<group>"; };
		33E259AD270F3672009435EA /* UIColor+Additions.swift */ = {isa = PBXFileReference; lastKnownFileType = sourcecode.swift; path = "UIColor+Additions.swift"; sourceTree = "<group>"; };
		33E259AF270F36BA009435EA /* Sign.storyboard */ = {isa = PBXFileReference; lastKnownFileType = file.storyboard; path = Sign.storyboard; sourceTree = "<group>"; };
		33E259B1270F36E6009435EA /* SignInVC.swift */ = {isa = PBXFileReference; lastKnownFileType = sourcecode.swift; path = SignInVC.swift; sourceTree = "<group>"; };
		33E259B3270F36F0009435EA /* SignUpVC.swift */ = {isa = PBXFileReference; lastKnownFileType = sourcecode.swift; path = SignUpVC.swift; sourceTree = "<group>"; };
		33E259B5270F3700009435EA /* SignConfirmVC.swift */ = {isa = PBXFileReference; lastKnownFileType = sourcecode.swift; path = SignConfirmVC.swift; sourceTree = "<group>"; };
		33E259B7270F3F1D009435EA /* UITextfield+Extension.swift */ = {isa = PBXFileReference; lastKnownFileType = sourcecode.swift; path = "UITextfield+Extension.swift"; sourceTree = "<group>"; };
		33F46D6E2721D5B600520C4A /* SF-Pro-Display-Semibold.otf */ = {isa = PBXFileReference; lastKnownFileType = file; name = "SF-Pro-Display-Semibold.otf"; path = "../../../../../../../../Downloads/SF Pro Display/SF-Pro-Display-Semibold.otf"; sourceTree = "<group>"; };
		33F46D6F2721D5BA00520C4A /* SF-Pro-Display-Light.otf */ = {isa = PBXFileReference; lastKnownFileType = file; name = "SF-Pro-Display-Light.otf"; path = "../../../../../../../../Downloads/SF Pro Display/SF-Pro-Display-Light.otf"; sourceTree = "<group>"; };
		33F46D702721D5BE00520C4A /* SF-Pro-Display-Bold.otf */ = {isa = PBXFileReference; lastKnownFileType = file; name = "SF-Pro-Display-Bold.otf"; path = "../../../../../../../../Downloads/SF Pro Display/SF-Pro-Display-Bold.otf"; sourceTree = "<group>"; };
		33F46D712721D5C200520C4A /* SF-Pro-Display-Medium.otf */ = {isa = PBXFileReference; lastKnownFileType = file; name = "SF-Pro-Display-Medium.otf"; path = "../../../../../../../../Downloads/SF Pro Display/SF-Pro-Display-Medium.otf"; sourceTree = "<group>"; };
		33F46D722721D5C800520C4A /* SF-Pro-Display-Regular.otf */ = {isa = PBXFileReference; lastKnownFileType = file; name = "SF-Pro-Display-Regular.otf"; path = "../../../../../../../../Downloads/SF Pro Display/SF-Pro-Display-Regular.otf"; sourceTree = "<group>"; };
		33F46D7A2721DF9900520C4A /* UIButton+Extension.swift */ = {isa = PBXFileReference; lastKnownFileType = sourcecode.swift; path = "UIButton+Extension.swift"; sourceTree = "<group>"; };
		33F46D7F2721E36300520C4A /* SignTopReusableView.xib */ = {isa = PBXFileReference; lastKnownFileType = file.xib; path = SignTopReusableView.xib; sourceTree = "<group>"; };
		33F46D832721E41A00520C4A /* SignTopReusableView.swift */ = {isa = PBXFileReference; lastKnownFileType = sourcecode.swift; path = SignTopReusableView.swift; sourceTree = "<group>"; };
		33F46D872721FA2300520C4A /* YoutubeTBC.swift */ = {isa = PBXFileReference; lastKnownFileType = sourcecode.swift; path = YoutubeTBC.swift; sourceTree = "<group>"; };
		33F46D8C2721FAB500520C4A /* TabBar.storyboard */ = {isa = PBXFileReference; lastKnownFileType = file.storyboard; name = TabBar.storyboard; path = ../../../../../../../../TabBar.storyboard; sourceTree = "<group>"; };
		33F46D9D2721FC8A00520C4A /* Home.storyboard */ = {isa = PBXFileReference; lastKnownFileType = file.storyboard; path = Home.storyboard; sourceTree = "<group>"; };
		33F46D9F2721FC9600520C4A /* HomeVC.swift */ = {isa = PBXFileReference; lastKnownFileType = sourcecode.swift; path = HomeVC.swift; sourceTree = "<group>"; };
		33F46DA12721FCB400520C4A /* Shorts.storyboard */ = {isa = PBXFileReference; lastKnownFileType = file.storyboard; path = Shorts.storyboard; sourceTree = "<group>"; };
		33F46DA32721FCC300520C4A /* ShortsVC.swift */ = {isa = PBXFileReference; lastKnownFileType = sourcecode.swift; path = ShortsVC.swift; sourceTree = "<group>"; };
		33F46DA52721FCCB00520C4A /* Add.storyboard */ = {isa = PBXFileReference; lastKnownFileType = file.storyboard; path = Add.storyboard; sourceTree = "<group>"; };
		33F46DA72721FCD700520C4A /* AddVC.swift */ = {isa = PBXFileReference; lastKnownFileType = sourcecode.swift; path = AddVC.swift; sourceTree = "<group>"; };
		33F46DA92721FCE200520C4A /* Subscribe.storyboard */ = {isa = PBXFileReference; lastKnownFileType = file.storyboard; path = Subscribe.storyboard; sourceTree = "<group>"; };
		33F46DAB2721FCF200520C4A /* SubscribeVC.swift */ = {isa = PBXFileReference; lastKnownFileType = sourcecode.swift; path = SubscribeVC.swift; sourceTree = "<group>"; };
		33F46DAD2721FCFC00520C4A /* Cabinet.storyboard */ = {isa = PBXFileReference; lastKnownFileType = file.storyboard; path = Cabinet.storyboard; sourceTree = "<group>"; };
		33F46DAF2721FD0A00520C4A /* CabinetVC.swift */ = {isa = PBXFileReference; lastKnownFileType = sourcecode.swift; path = CabinetVC.swift; sourceTree = "<group>"; };
/* End PBXFileReference section */

/* Begin PBXFrameworksBuildPhase section */
		33E2598B270F3537009435EA /* Frameworks */ = {
			isa = PBXFrameworksBuildPhase;
			buildActionMask = 2147483647;
			files = (
			);
			runOnlyForDeploymentPostprocessing = 0;
		};
/* End PBXFrameworksBuildPhase section */

/* Begin PBXGroup section */
		33E25985270F3537009435EA = {
			isa = PBXGroup;
			children = (
				33E25990270F3537009435EA /* 29th_Assign_Youtube_Clone */,
				33E2598F270F3537009435EA /* Products */,
			);
			sourceTree = "<group>";
		};
		33E2598F270F3537009435EA /* Products */ = {
			isa = PBXGroup;
			children = (
				33E2598E270F3537009435EA /* 29th_Assign_Youtube_Clone.app */,
			);
			name = Products;
			sourceTree = "<group>";
		};
		33E25990270F3537009435EA /* 29th_Assign_Youtube_Clone */ = {
			isa = PBXGroup;
			children = (
				33E259A5270F3574009435EA /* Global */,
				33E259A6270F357F009435EA /* Network */,
				33E259A7270F3586009435EA /* Screens */,
				33E259A8270F358F009435EA /* Supports */,
			);
			path = 29th_Assign_Youtube_Clone;
			sourceTree = "<group>";
		};
		33E259A5270F3574009435EA /* Global */ = {
			isa = PBXGroup;
			children = (
				33F46D7E2721E34C00520C4A /* VIew */,
				33F46D6D2721D5AC00520C4A /* Font */,
				33E259AC270F3663009435EA /* Extensions */,
				33E2599C270F3538009435EA /* LaunchScreen.storyboard */,
			);
			path = Global;
			sourceTree = "<group>";
		};
		33E259A6270F357F009435EA /* Network */ = {
			isa = PBXGroup;
			children = (
			);
			path = Network;
			sourceTree = "<group>";
		};
		33E259A7270F3586009435EA /* Screens */ = {
			isa = PBXGroup;
			children = (
				33E259A9270F35EC009435EA /* Sign */,
				33F46D892721FA9500520C4A /* TabBar */,
				33F46D8E2721FBF300520C4A /* Home */,
				33F46D8F2721FBFE00520C4A /* Shorts */,
				33F46D902721FC0300520C4A /* Add */,
				33F46D912721FC0A00520C4A /* Subscribe */,
				33F46D922721FC1000520C4A /* Cabinet */,
			);
			path = Screens;
			sourceTree = "<group>";
		};
		33E259A8270F358F009435EA /* Supports */ = {
			isa = PBXGroup;
			children = (
				33E2599F270F3538009435EA /* Info.plist */,
				33E25991270F3537009435EA /* AppDelegate.swift */,
				33E25993270F3537009435EA /* SceneDelegate.swift */,
				33E2599A270F3538009435EA /* Assets.xcassets */,
			);
			path = Supports;
			sourceTree = "<group>";
		};
		33E259A9270F35EC009435EA /* Sign */ = {
			isa = PBXGroup;
			children = (
				33E259AA270F362F009435EA /* Storyboard */,
				33E259AB270F363F009435EA /* Controllers */,
			);
			path = Sign;
			sourceTree = "<group>";
		};
		33E259AA270F362F009435EA /* Storyboard */ = {
			isa = PBXGroup;
			children = (
				33E259AF270F36BA009435EA /* Sign.storyboard */,
			);
			path = Storyboard;
			sourceTree = "<group>";
		};
		33E259AB270F363F009435EA /* Controllers */ = {
			isa = PBXGroup;
			children = (
				33E259B1270F36E6009435EA /* SignInVC.swift */,
				33E259B3270F36F0009435EA /* SignUpVC.swift */,
				33E259B5270F3700009435EA /* SignConfirmVC.swift */,
			);
			path = Controllers;
			sourceTree = "<group>";
		};
		33E259AC270F3663009435EA /* Extensions */ = {
			isa = PBXGroup;
			children = (
				33E259AD270F3672009435EA /* UIColor+Additions.swift */,
				33E259B7270F3F1D009435EA /* UITextfield+Extension.swift */,
				33F46D7A2721DF9900520C4A /* UIButton+Extension.swift */,
			);
			path = Extensions;
			sourceTree = "<group>";
		};
		33F46D6D2721D5AC00520C4A /* Font */ = {
			isa = PBXGroup;
			children = (
				33F46D702721D5BE00520C4A /* SF-Pro-Display-Bold.otf */,
				33F46D722721D5C800520C4A /* SF-Pro-Display-Regular.otf */,
				33F46D6F2721D5BA00520C4A /* SF-Pro-Display-Light.otf */,
				33F46D712721D5C200520C4A /* SF-Pro-Display-Medium.otf */,
				33F46D6E2721D5B600520C4A /* SF-Pro-Display-Semibold.otf */,
			);
			path = Font;
			sourceTree = "<group>";
		};
		33F46D7E2721E34C00520C4A /* VIew */ = {
			isa = PBXGroup;
			children = (
				33F46D7F2721E36300520C4A /* SignTopReusableView.xib */,
				33F46D832721E41A00520C4A /* SignTopReusableView.swift */,
			);
			path = VIew;
			sourceTree = "<group>";
		};
		33F46D892721FA9500520C4A /* TabBar */ = {
			isa = PBXGroup;
			children = (
				33F46D8A2721FA9D00520C4A /* Storyboard */,
				33F46D8B2721FAA500520C4A /* Controller */,
			);
			path = TabBar;
			sourceTree = "<group>";
		};
		33F46D8A2721FA9D00520C4A /* Storyboard */ = {
			isa = PBXGroup;
			children = (
				33F46D8C2721FAB500520C4A /* TabBar.storyboard */,
			);
			path = Storyboard;
			sourceTree = "<group>";
		};
		33F46D8B2721FAA500520C4A /* Controller */ = {
			isa = PBXGroup;
			children = (
				33F46D872721FA2300520C4A /* YoutubeTBC.swift */,
			);
			path = Controller;
			sourceTree = "<group>";
		};
		33F46D8E2721FBF300520C4A /* Home */ = {
			isa = PBXGroup;
			children = (
				33F46D932721FC4500520C4A /* Storyboard */,
				33F46D942721FC4C00520C4A /* Controller */,
			);
			path = Home;
			sourceTree = "<group>";
		};
		33F46D8F2721FBFE00520C4A /* Shorts */ = {
			isa = PBXGroup;
			children = (
				33F46D962721FC5A00520C4A /* Storyboard */,
				33F46D952721FC5500520C4A /* Controller */,
			);
			path = Shorts;
			sourceTree = "<group>";
		};
		33F46D902721FC0300520C4A /* Add */ = {
			isa = PBXGroup;
			children = (
				33F46D982721FC6500520C4A /* Storyboard */,
				33F46D972721FC6000520C4A /* Controller */,
			);
			path = Add;
			sourceTree = "<group>";
		};
		33F46D912721FC0A00520C4A /* Subscribe */ = {
			isa = PBXGroup;
			children = (
				33F46D9A2721FC7100520C4A /* Storyboard */,
				33F46D992721FC6B00520C4A /* Controller */,
			);
			path = Subscribe;
			sourceTree = "<group>";
		};
		33F46D922721FC1000520C4A /* Cabinet */ = {
			isa = PBXGroup;
			children = (
				33F46D9C2721FC7C00520C4A /* Storyboard */,
				33F46D9B2721FC7700520C4A /* Controller */,
			);
			path = Cabinet;
			sourceTree = "<group>";
		};
		33F46D932721FC4500520C4A /* Storyboard */ = {
			isa = PBXGroup;
			children = (
				33F46D9D2721FC8A00520C4A /* Home.storyboard */,
			);
			path = Storyboard;
			sourceTree = "<group>";
		};
		33F46D942721FC4C00520C4A /* Controller */ = {
			isa = PBXGroup;
			children = (
				33F46D9F2721FC9600520C4A /* HomeVC.swift */,
			);
			path = Controller;
			sourceTree = "<group>";
		};
		33F46D952721FC5500520C4A /* Controller */ = {
			isa = PBXGroup;
			children = (
				33F46DA32721FCC300520C4A /* ShortsVC.swift */,
			);
			path = Controller;
			sourceTree = "<group>";
		};
		33F46D962721FC5A00520C4A /* Storyboard */ = {
			isa = PBXGroup;
			children = (
				33F46DA12721FCB400520C4A /* Shorts.storyboard */,
			);
			path = Storyboard;
			sourceTree = "<group>";
		};
		33F46D972721FC6000520C4A /* Controller */ = {
			isa = PBXGroup;
			children = (
				33F46DA72721FCD700520C4A /* AddVC.swift */,
			);
			path = Controller;
			sourceTree = "<group>";
		};
		33F46D982721FC6500520C4A /* Storyboard */ = {
			isa = PBXGroup;
			children = (
				33F46DA52721FCCB00520C4A /* Add.storyboard */,
			);
			path = Storyboard;
			sourceTree = "<group>";
		};
		33F46D992721FC6B00520C4A /* Controller */ = {
			isa = PBXGroup;
			children = (
				33F46DAB2721FCF200520C4A /* SubscribeVC.swift */,
			);
			path = Controller;
			sourceTree = "<group>";
		};
		33F46D9A2721FC7100520C4A /* Storyboard */ = {
			isa = PBXGroup;
			children = (
				33F46DA92721FCE200520C4A /* Subscribe.storyboard */,
			);
			path = Storyboard;
			sourceTree = "<group>";
		};
		33F46D9B2721FC7700520C4A /* Controller */ = {
			isa = PBXGroup;
			children = (
				33F46DAF2721FD0A00520C4A /* CabinetVC.swift */,
			);
			path = Controller;
			sourceTree = "<group>";
		};
		33F46D9C2721FC7C00520C4A /* Storyboard */ = {
			isa = PBXGroup;
			children = (
				33F46DAD2721FCFC00520C4A /* Cabinet.storyboard */,
			);
			path = Storyboard;
			sourceTree = "<group>";
		};
/* End PBXGroup section */

/* Begin PBXNativeTarget section */
		33E2598D270F3537009435EA /* 29th_Assign_Youtube_Clone */ = {
			isa = PBXNativeTarget;
			buildConfigurationList = 33E259A2270F3538009435EA /* Build configuration list for PBXNativeTarget "29th_Assign_Youtube_Clone" */;
			buildPhases = (
				33E2598A270F3537009435EA /* Sources */,
				33E2598B270F3537009435EA /* Frameworks */,
				33E2598C270F3537009435EA /* Resources */,
			);
			buildRules = (
			);
			dependencies = (
			);
			name = 29th_Assign_Youtube_Clone;
			productName = 29th_Assign_Youtube_Clone;
			productReference = 33E2598E270F3537009435EA /* 29th_Assign_Youtube_Clone.app */;
			productType = "com.apple.product-type.application";
		};
/* End PBXNativeTarget section */

/* Begin PBXProject section */
		33E25986270F3537009435EA /* Project object */ = {
			isa = PBXProject;
			attributes = {
				BuildIndependentTargetsInParallel = 1;
				LastSwiftUpdateCheck = 1300;
				LastUpgradeCheck = 1300;
				TargetAttributes = {
					33E2598D270F3537009435EA = {
						CreatedOnToolsVersion = 13.0;
					};
				};
			};
			buildConfigurationList = 33E25989270F3537009435EA /* Build configuration list for PBXProject "29th_Assign_Youtube_Clone" */;
			compatibilityVersion = "Xcode 13.0";
			developmentRegion = en;
			hasScannedForEncodings = 0;
			knownRegions = (
				en,
				Base,
			);
			mainGroup = 33E25985270F3537009435EA;
			productRefGroup = 33E2598F270F3537009435EA /* Products */;
			projectDirPath = "";
			projectRoot = "";
			targets = (
				33E2598D270F3537009435EA /* 29th_Assign_Youtube_Clone */,
			);
		};
/* End PBXProject section */

/* Begin PBXResourcesBuildPhase section */
		33E2598C270F3537009435EA /* Resources */ = {
			isa = PBXResourcesBuildPhase;
			buildActionMask = 2147483647;
			files = (
				33F46D8D2721FAB500520C4A /* TabBar.storyboard in Resources */,
				33F46D9E2721FC8A00520C4A /* Home.storyboard in Resources */,
				33F46DA62721FCCB00520C4A /* Add.storyboard in Resources */,
				33F46D802721E36300520C4A /* SignTopReusableView.xib in Resources */,
				33F46DA22721FCB400520C4A /* Shorts.storyboard in Resources */,
				33F46DAA2721FCE200520C4A /* Subscribe.storyboard in Resources */,
				33F46D772721D5D800520C4A /* SF-Pro-Display-Medium.otf in Resources */,
				33E2599E270F3538009435EA /* LaunchScreen.storyboard in Resources */,
				33E259B0270F36BA009435EA /* Sign.storyboard in Resources */,
				33F46DAE2721FCFC00520C4A /* Cabinet.storyboard in Resources */,
				33F46D732721D5CF00520C4A /* SF-Pro-Display-Bold.otf in Resources */,
				33F46D762721D5D600520C4A /* SF-Pro-Display-Semibold.otf in Resources */,
				33F46D742721D5D200520C4A /* SF-Pro-Display-Regular.otf in Resources */,
				33F46D752721D5D400520C4A /* SF-Pro-Display-Light.otf in Resources */,
				33E2599B270F3538009435EA /* Assets.xcassets in Resources */,
			);
			runOnlyForDeploymentPostprocessing = 0;
		};
/* End PBXResourcesBuildPhase section */

/* Begin PBXSourcesBuildPhase section */
		33E2598A270F3537009435EA /* Sources */ = {
			isa = PBXSourcesBuildPhase;
			buildActionMask = 2147483647;
			files = (
				33F46D842721E41A00520C4A /* SignTopReusableView.swift in Sources */,
				33F46DA42721FCC300520C4A /* ShortsVC.swift in Sources */,
				33F46D882721FA2300520C4A /* YoutubeTBC.swift in Sources */,
				33E259AE270F3672009435EA /* UIColor+Additions.swift in Sources */,
				33E25992270F3537009435EA /* AppDelegate.swift in Sources */,
				33F46DAC2721FCF200520C4A /* SubscribeVC.swift in Sources */,
				33F46DB02721FD0A00520C4A /* CabinetVC.swift in Sources */,
				33E259B2270F36E6009435EA /* SignInVC.swift in Sources */,
				33E259B4270F36F0009435EA /* SignUpVC.swift in Sources */,
				33F46DA82721FCD700520C4A /* AddVC.swift in Sources */,
				33E259B8270F3F1D009435EA /* UITextfield+Extension.swift in Sources */,
				33F46D7B2721DF9900520C4A /* UIButton+Extension.swift in Sources */,
				33E259B6270F3700009435EA /* SignConfirmVC.swift in Sources */,
				33F46DA02721FC9600520C4A /* HomeVC.swift in Sources */,
				33E25994270F3537009435EA /* SceneDelegate.swift in Sources */,
			);
			runOnlyForDeploymentPostprocessing = 0;
		};
/* End PBXSourcesBuildPhase section */

/* Begin PBXVariantGroup section */
		33E2599C270F3538009435EA /* LaunchScreen.storyboard */ = {
			isa = PBXVariantGroup;
			children = (
				33E2599D270F3538009435EA /* Base */,
			);
			name = LaunchScreen.storyboard;
			sourceTree = "<group>";
		};
/* End PBXVariantGroup section */

/* Begin XCBuildConfiguration section */
		33E259A0270F3538009435EA /* Debug */ = {
			isa = XCBuildConfiguration;
			buildSettings = {
				ALWAYS_SEARCH_USER_PATHS = NO;
				CLANG_ANALYZER_NONNULL = YES;
				CLANG_ANALYZER_NUMBER_OBJECT_CONVERSION = YES_AGGRESSIVE;
				CLANG_CXX_LANGUAGE_STANDARD = "gnu++17";
				CLANG_CXX_LIBRARY = "libc++";
				CLANG_ENABLE_MODULES = YES;
				CLANG_ENABLE_OBJC_ARC = YES;
				CLANG_ENABLE_OBJC_WEAK = YES;
				CLANG_WARN_BLOCK_CAPTURE_AUTORELEASING = YES;
				CLANG_WARN_BOOL_CONVERSION = YES;
				CLANG_WARN_COMMA = YES;
				CLANG_WARN_CONSTANT_CONVERSION = YES;
				CLANG_WARN_DEPRECATED_OBJC_IMPLEMENTATIONS = YES;
				CLANG_WARN_DIRECT_OBJC_ISA_USAGE = YES_ERROR;
				CLANG_WARN_DOCUMENTATION_COMMENTS = YES;
				CLANG_WARN_EMPTY_BODY = YES;
				CLANG_WARN_ENUM_CONVERSION = YES;
				CLANG_WARN_INFINITE_RECURSION = YES;
				CLANG_WARN_INT_CONVERSION = YES;
				CLANG_WARN_NON_LITERAL_NULL_CONVERSION = YES;
				CLANG_WARN_OBJC_IMPLICIT_RETAIN_SELF = YES;
				CLANG_WARN_OBJC_LITERAL_CONVERSION = YES;
				CLANG_WARN_OBJC_ROOT_CLASS = YES_ERROR;
				CLANG_WARN_QUOTED_INCLUDE_IN_FRAMEWORK_HEADER = YES;
				CLANG_WARN_RANGE_LOOP_ANALYSIS = YES;
				CLANG_WARN_STRICT_PROTOTYPES = YES;
				CLANG_WARN_SUSPICIOUS_MOVE = YES;
				CLANG_WARN_UNGUARDED_AVAILABILITY = YES_AGGRESSIVE;
				CLANG_WARN_UNREACHABLE_CODE = YES;
				CLANG_WARN__DUPLICATE_METHOD_MATCH = YES;
				COPY_PHASE_STRIP = NO;
				DEBUG_INFORMATION_FORMAT = dwarf;
				ENABLE_STRICT_OBJC_MSGSEND = YES;
				ENABLE_TESTABILITY = YES;
				GCC_C_LANGUAGE_STANDARD = gnu11;
				GCC_DYNAMIC_NO_PIC = NO;
				GCC_NO_COMMON_BLOCKS = YES;
				GCC_OPTIMIZATION_LEVEL = 0;
				GCC_PREPROCESSOR_DEFINITIONS = (
					"DEBUG=1",
					"$(inherited)",
				);
				GCC_WARN_64_TO_32_BIT_CONVERSION = YES;
				GCC_WARN_ABOUT_RETURN_TYPE = YES_ERROR;
				GCC_WARN_UNDECLARED_SELECTOR = YES;
				GCC_WARN_UNINITIALIZED_AUTOS = YES_AGGRESSIVE;
				GCC_WARN_UNUSED_FUNCTION = YES;
				GCC_WARN_UNUSED_VARIABLE = YES;
				IPHONEOS_DEPLOYMENT_TARGET = 15.0;
				MTL_ENABLE_DEBUG_INFO = INCLUDE_SOURCE;
				MTL_FAST_MATH = YES;
				ONLY_ACTIVE_ARCH = YES;
				SDKROOT = iphoneos;
				SWIFT_ACTIVE_COMPILATION_CONDITIONS = DEBUG;
				SWIFT_OPTIMIZATION_LEVEL = "-Onone";
			};
			name = Debug;
		};
		33E259A1270F3538009435EA /* Release */ = {
			isa = XCBuildConfiguration;
			buildSettings = {
				ALWAYS_SEARCH_USER_PATHS = NO;
				CLANG_ANALYZER_NONNULL = YES;
				CLANG_ANALYZER_NUMBER_OBJECT_CONVERSION = YES_AGGRESSIVE;
				CLANG_CXX_LANGUAGE_STANDARD = "gnu++17";
				CLANG_CXX_LIBRARY = "libc++";
				CLANG_ENABLE_MODULES = YES;
				CLANG_ENABLE_OBJC_ARC = YES;
				CLANG_ENABLE_OBJC_WEAK = YES;
				CLANG_WARN_BLOCK_CAPTURE_AUTORELEASING = YES;
				CLANG_WARN_BOOL_CONVERSION = YES;
				CLANG_WARN_COMMA = YES;
				CLANG_WARN_CONSTANT_CONVERSION = YES;
				CLANG_WARN_DEPRECATED_OBJC_IMPLEMENTATIONS = YES;
				CLANG_WARN_DIRECT_OBJC_ISA_USAGE = YES_ERROR;
				CLANG_WARN_DOCUMENTATION_COMMENTS = YES;
				CLANG_WARN_EMPTY_BODY = YES;
				CLANG_WARN_ENUM_CONVERSION = YES;
				CLANG_WARN_INFINITE_RECURSION = YES;
				CLANG_WARN_INT_CONVERSION = YES;
				CLANG_WARN_NON_LITERAL_NULL_CONVERSION = YES;
				CLANG_WARN_OBJC_IMPLICIT_RETAIN_SELF = YES;
				CLANG_WARN_OBJC_LITERAL_CONVERSION = YES;
				CLANG_WARN_OBJC_ROOT_CLASS = YES_ERROR;
				CLANG_WARN_QUOTED_INCLUDE_IN_FRAMEWORK_HEADER = YES;
				CLANG_WARN_RANGE_LOOP_ANALYSIS = YES;
				CLANG_WARN_STRICT_PROTOTYPES = YES;
				CLANG_WARN_SUSPICIOUS_MOVE = YES;
				CLANG_WARN_UNGUARDED_AVAILABILITY = YES_AGGRESSIVE;
				CLANG_WARN_UNREACHABLE_CODE = YES;
				CLANG_WARN__DUPLICATE_METHOD_MATCH = YES;
				COPY_PHASE_STRIP = NO;
				DEBUG_INFORMATION_FORMAT = "dwarf-with-dsym";
				ENABLE_NS_ASSERTIONS = NO;
				ENABLE_STRICT_OBJC_MSGSEND = YES;
				GCC_C_LANGUAGE_STANDARD = gnu11;
				GCC_NO_COMMON_BLOCKS = YES;
				GCC_WARN_64_TO_32_BIT_CONVERSION = YES;
				GCC_WARN_ABOUT_RETURN_TYPE = YES_ERROR;
				GCC_WARN_UNDECLARED_SELECTOR = YES;
				GCC_WARN_UNINITIALIZED_AUTOS = YES_AGGRESSIVE;
				GCC_WARN_UNUSED_FUNCTION = YES;
				GCC_WARN_UNUSED_VARIABLE = YES;
				IPHONEOS_DEPLOYMENT_TARGET = 15.0;
				MTL_ENABLE_DEBUG_INFO = NO;
				MTL_FAST_MATH = YES;
				SDKROOT = iphoneos;
				SWIFT_COMPILATION_MODE = wholemodule;
				SWIFT_OPTIMIZATION_LEVEL = "-O";
				VALIDATE_PRODUCT = YES;
			};
			name = Release;
		};
		33E259A3270F3538009435EA /* Debug */ = {
			isa = XCBuildConfiguration;
			buildSettings = {
				ASSETCATALOG_COMPILER_APPICON_NAME = AppIcon;
				ASSETCATALOG_COMPILER_GLOBAL_ACCENT_COLOR_NAME = AccentColor;
				CODE_SIGN_STYLE = Automatic;
				CURRENT_PROJECT_VERSION = 1;
				DEVELOPMENT_TEAM = 2ZS26WP93H;
				GENERATE_INFOPLIST_FILE = YES;
				INFOPLIST_FILE = 29th_Assign_Youtube_Clone/Info.plist;
				INFOPLIST_KEY_UIApplicationSupportsIndirectInputEvents = YES;
				INFOPLIST_KEY_UILaunchStoryboardName = LaunchScreen;
				INFOPLIST_KEY_UIMainStoryboardFile = Sign;
				INFOPLIST_KEY_UISupportedInterfaceOrientations_iPad = "UIInterfaceOrientationPortrait UIInterfaceOrientationPortraitUpsideDown UIInterfaceOrientationLandscapeLeft UIInterfaceOrientationLandscapeRight";
				INFOPLIST_KEY_UISupportedInterfaceOrientations_iPhone = "UIInterfaceOrientationPortrait UIInterfaceOrientationLandscapeLeft UIInterfaceOrientationLandscapeRight";
				LD_RUNPATH_SEARCH_PATHS = (
					"$(inherited)",
					"@executable_path/Frameworks",
				);
				MARKETING_VERSION = 1.0;
				PRODUCT_BUNDLE_IDENTIFIER = "com.swift.hwangji.-9th-Assign-Youtube-Clone";
				PRODUCT_NAME = "$(TARGET_NAME)";
				SWIFT_EMIT_LOC_STRINGS = YES;
				SWIFT_VERSION = 5.0;
				TARGETED_DEVICE_FAMILY = 1;
			};
			name = Debug;
		};
		33E259A4270F3538009435EA /* Release */ = {
			isa = XCBuildConfiguration;
			buildSettings = {
				ASSETCATALOG_COMPILER_APPICON_NAME = AppIcon;
				ASSETCATALOG_COMPILER_GLOBAL_ACCENT_COLOR_NAME = AccentColor;
				CODE_SIGN_STYLE = Automatic;
				CURRENT_PROJECT_VERSION = 1;
				DEVELOPMENT_TEAM = 2ZS26WP93H;
				GENERATE_INFOPLIST_FILE = YES;
				INFOPLIST_FILE = 29th_Assign_Youtube_Clone/Info.plist;
				INFOPLIST_KEY_UIApplicationSupportsIndirectInputEvents = YES;
				INFOPLIST_KEY_UILaunchStoryboardName = LaunchScreen;
				INFOPLIST_KEY_UIMainStoryboardFile = Sign;
				INFOPLIST_KEY_UISupportedInterfaceOrientations_iPad = "UIInterfaceOrientationPortrait UIInterfaceOrientationPortraitUpsideDown UIInterfaceOrientationLandscapeLeft UIInterfaceOrientationLandscapeRight";
				INFOPLIST_KEY_UISupportedInterfaceOrientations_iPhone = "UIInterfaceOrientationPortrait UIInterfaceOrientationLandscapeLeft UIInterfaceOrientationLandscapeRight";
				LD_RUNPATH_SEARCH_PATHS = (
					"$(inherited)",
					"@executable_path/Frameworks",
				);
				MARKETING_VERSION = 1.0;
				PRODUCT_BUNDLE_IDENTIFIER = "com.swift.hwangji.-9th-Assign-Youtube-Clone";
				PRODUCT_NAME = "$(TARGET_NAME)";
				SWIFT_EMIT_LOC_STRINGS = YES;
				SWIFT_VERSION = 5.0;
				TARGETED_DEVICE_FAMILY = 1;
			};
			name = Release;
		};
/* End XCBuildConfiguration section */

/* Begin XCConfigurationList section */
		33E25989270F3537009435EA /* Build configuration list for PBXProject "29th_Assign_Youtube_Clone" */ = {
			isa = XCConfigurationList;
			buildConfigurations = (
				33E259A0270F3538009435EA /* Debug */,
				33E259A1270F3538009435EA /* Release */,
			);
			defaultConfigurationIsVisible = 0;
			defaultConfigurationName = Release;
		};
		33E259A2270F3538009435EA /* Build configuration list for PBXNativeTarget "29th_Assign_Youtube_Clone" */ = {
			isa = XCConfigurationList;
			buildConfigurations = (
				33E259A3270F3538009435EA /* Debug */,
				33E259A4270F3538009435EA /* Release */,
			);
			defaultConfigurationIsVisible = 0;
			defaultConfigurationName = Release;
		};
/* End XCConfigurationList section */
	};
	rootObject = 33E25986270F3537009435EA /* Project object */;
}
