// !$*UTF8*$!
{
	archiveVersion = 1;
	classes = {
	};
	objectVersion = 55;
	objects = {

/* Begin PBXBuildFile section */
		33E259C627115D26009435EA /* AppDelegate.swift in Sources */ = {isa = PBXBuildFile; fileRef = 33E259C527115D26009435EA /* AppDelegate.swift */; };
		33E259C827115D26009435EA /* SceneDelegate.swift in Sources */ = {isa = PBXBuildFile; fileRef = 33E259C727115D26009435EA /* SceneDelegate.swift */; };
		33E259CF27115D29009435EA /* Assets.xcassets in Resources */ = {isa = PBXBuildFile; fileRef = 33E259CE27115D29009435EA /* Assets.xcassets */; };
		33E259D227115D29009435EA /* LaunchScreen.storyboard in Resources */ = {isa = PBXBuildFile; fileRef = 33E259D027115D29009435EA /* LaunchScreen.storyboard */; };
		33E259DA27116004009435EA /* AutoLayoutPractice.storyboard in Resources */ = {isa = PBXBuildFile; fileRef = 33E259D927116004009435EA /* AutoLayoutPractice.storyboard */; };
		33E259DF27118132009435EA /* Tabbar.storyboard in Resources */ = {isa = PBXBuildFile; fileRef = 33E259DE27118132009435EA /* Tabbar.storyboard */; };
		33E259E4271183DE009435EA /* CustomTBC.swift in Sources */ = {isa = PBXBuildFile; fileRef = 33E259E3271183DE009435EA /* CustomTBC.swift */; };
		33E259E6271183EA009435EA /* PinkVC.swift in Sources */ = {isa = PBXBuildFile; fileRef = 33E259E5271183EA009435EA /* PinkVC.swift */; };
		33E259E8271183F3009435EA /* MintVC.swift in Sources */ = {isa = PBXBuildFile; fileRef = 33E259E7271183F3009435EA /* MintVC.swift */; };
/* End PBXBuildFile section */

/* Begin PBXFileReference section */
		33E259C227115D26009435EA /* Seminar2.app */ = {isa = PBXFileReference; explicitFileType = wrapper.application; includeInIndex = 0; path = Seminar2.app; sourceTree = BUILT_PRODUCTS_DIR; };
		33E259C527115D26009435EA /* AppDelegate.swift */ = {isa = PBXFileReference; lastKnownFileType = sourcecode.swift; path = AppDelegate.swift; sourceTree = "<group>"; };
		33E259C727115D26009435EA /* SceneDelegate.swift */ = {isa = PBXFileReference; lastKnownFileType = sourcecode.swift; path = SceneDelegate.swift; sourceTree = "<group>"; };
		33E259CE27115D29009435EA /* Assets.xcassets */ = {isa = PBXFileReference; lastKnownFileType = folder.assetcatalog; path = Assets.xcassets; sourceTree = "<group>"; };
		33E259D127115D29009435EA /* Base */ = {isa = PBXFileReference; lastKnownFileType = file.storyboard; name = Base; path = Base.lproj/LaunchScreen.storyboard; sourceTree = "<group>"; };
		33E259D327115D29009435EA /* Info.plist */ = {isa = PBXFileReference; lastKnownFileType = text.plist.xml; path = Info.plist; sourceTree = "<group>"; };
		33E259D927116004009435EA /* AutoLayoutPractice.storyboard */ = {isa = PBXFileReference; lastKnownFileType = file.storyboard; path = AutoLayoutPractice.storyboard; sourceTree = "<group>"; };
		33E259DE27118132009435EA /* Tabbar.storyboard */ = {isa = PBXFileReference; lastKnownFileType = file.storyboard; path = Tabbar.storyboard; sourceTree = "<group>"; };
		33E259E3271183DE009435EA /* CustomTBC.swift */ = {isa = PBXFileReference; lastKnownFileType = sourcecode.swift; path = CustomTBC.swift; sourceTree = "<group>"; };
		33E259E5271183EA009435EA /* PinkVC.swift */ = {isa = PBXFileReference; lastKnownFileType = sourcecode.swift; path = PinkVC.swift; sourceTree = "<group>"; };
		33E259E7271183F3009435EA /* MintVC.swift */ = {isa = PBXFileReference; lastKnownFileType = sourcecode.swift; path = MintVC.swift; sourceTree = "<group>"; };
/* End PBXFileReference section */

/* Begin PBXFrameworksBuildPhase section */
		33E259BF27115D26009435EA /* Frameworks */ = {
			isa = PBXFrameworksBuildPhase;
			buildActionMask = 2147483647;
			files = (
			);
			runOnlyForDeploymentPostprocessing = 0;
		};
/* End PBXFrameworksBuildPhase section */

/* Begin PBXGroup section */
		33E259B927115D26009435EA = {
			isa = PBXGroup;
			children = (
				33E259C427115D26009435EA /* Seminar2 */,
				33E259C327115D26009435EA /* Products */,
			);
			sourceTree = "<group>";
		};
		33E259C327115D26009435EA /* Products */ = {
			isa = PBXGroup;
			children = (
				33E259C227115D26009435EA /* Seminar2.app */,
			);
			name = Products;
			sourceTree = "<group>";
		};
		33E259C427115D26009435EA /* Seminar2 */ = {
			isa = PBXGroup;
			children = (
				33E259DD2711606A009435EA /* Global */,
				33E259DC27116058009435EA /* Screen */,
				33E259DB27116012009435EA /* Support */,
			);
			path = Seminar2;
			sourceTree = "<group>";
		};
		33E259DB27116012009435EA /* Support */ = {
			isa = PBXGroup;
			children = (
				33E259C527115D26009435EA /* AppDelegate.swift */,
				33E259C727115D26009435EA /* SceneDelegate.swift */,
				33E259D327115D29009435EA /* Info.plist */,
				33E259CE27115D29009435EA /* Assets.xcassets */,
				33E259D027115D29009435EA /* LaunchScreen.storyboard */,
			);
			path = Support;
			sourceTree = "<group>";
		};
		33E259DC27116058009435EA /* Screen */ = {
			isa = PBXGroup;
			children = (
				33E259E0271183B2009435EA /* TabBar */,
				33E259D927116004009435EA /* AutoLayoutPractice.storyboard */,
			);
			path = Screen;
			sourceTree = "<group>";
		};
		33E259DD2711606A009435EA /* Global */ = {
			isa = PBXGroup;
			children = (
			);
			path = Global;
			sourceTree = "<group>";
		};
		33E259E0271183B2009435EA /* TabBar */ = {
			isa = PBXGroup;
			children = (
				33E259E2271183C0009435EA /* Controller */,
				33E259E1271183BA009435EA /* Storyboard */,
			);
			path = TabBar;
			sourceTree = "<group>";
		};
		33E259E1271183BA009435EA /* Storyboard */ = {
			isa = PBXGroup;
			children = (
				33E259DE27118132009435EA /* Tabbar.storyboard */,
			);
			path = Storyboard;
			sourceTree = "<group>";
		};
		33E259E2271183C0009435EA /* Controller */ = {
			isa = PBXGroup;
			children = (
				33E259E3271183DE009435EA /* CustomTBC.swift */,
				33E259E5271183EA009435EA /* PinkVC.swift */,
				33E259E7271183F3009435EA /* MintVC.swift */,
			);
			path = Controller;
			sourceTree = "<group>";
		};
/* End PBXGroup section */

/* Begin PBXNativeTarget section */
		33E259C127115D26009435EA /* Seminar2 */ = {
			isa = PBXNativeTarget;
			buildConfigurationList = 33E259D627115D29009435EA /* Build configuration list for PBXNativeTarget "Seminar2" */;
			buildPhases = (
				33E259BE27115D26009435EA /* Sources */,
				33E259BF27115D26009435EA /* Frameworks */,
				33E259C027115D26009435EA /* Resources */,
			);
			buildRules = (
			);
			dependencies = (
			);
			name = Seminar2;
			productName = Seminar2;
			productReference = 33E259C227115D26009435EA /* Seminar2.app */;
			productType = "com.apple.product-type.application";
		};
/* End PBXNativeTarget section */

/* Begin PBXProject section */
		33E259BA27115D26009435EA /* Project object */ = {
			isa = PBXProject;
			attributes = {
				BuildIndependentTargetsInParallel = 1;
				LastSwiftUpdateCheck = 1300;
				LastUpgradeCheck = 1300;
				TargetAttributes = {
					33E259C127115D26009435EA = {
						CreatedOnToolsVersion = 13.0;
					};
				};
			};
			buildConfigurationList = 33E259BD27115D26009435EA /* Build configuration list for PBXProject "Seminar2" */;
			compatibilityVersion = "Xcode 13.0";
			developmentRegion = en;
			hasScannedForEncodings = 0;
			knownRegions = (
				en,
				Base,
			);
			mainGroup = 33E259B927115D26009435EA;
			productRefGroup = 33E259C327115D26009435EA /* Products */;
			projectDirPath = "";
			projectRoot = "";
			targets = (
				33E259C127115D26009435EA /* Seminar2 */,
			);
		};
/* End PBXProject section */

/* Begin PBXResourcesBuildPhase section */
		33E259C027115D26009435EA /* Resources */ = {
			isa = PBXResourcesBuildPhase;
			buildActionMask = 2147483647;
			files = (
				33E259DF27118132009435EA /* Tabbar.storyboard in Resources */,
				33E259D227115D29009435EA /* LaunchScreen.storyboard in Resources */,
				33E259CF27115D29009435EA /* Assets.xcassets in Resources */,
				33E259DA27116004009435EA /* AutoLayoutPractice.storyboard in Resources */,
			);
			runOnlyForDeploymentPostprocessing = 0;
		};
/* End PBXResourcesBuildPhase section */

/* Begin PBXSourcesBuildPhase section */
		33E259BE27115D26009435EA /* Sources */ = {
			isa = PBXSourcesBuildPhase;
			buildActionMask = 2147483647;
			files = (
				33E259E8271183F3009435EA /* MintVC.swift in Sources */,
				33E259C627115D26009435EA /* AppDelegate.swift in Sources */,
				33E259E4271183DE009435EA /* CustomTBC.swift in Sources */,
				33E259E6271183EA009435EA /* PinkVC.swift in Sources */,
				33E259C827115D26009435EA /* SceneDelegate.swift in Sources */,
			);
			runOnlyForDeploymentPostprocessing = 0;
		};
/* End PBXSourcesBuildPhase section */

/* Begin PBXVariantGroup section */
		33E259D027115D29009435EA /* LaunchScreen.storyboard */ = {
			isa = PBXVariantGroup;
			children = (
				33E259D127115D29009435EA /* Base */,
			);
			name = LaunchScreen.storyboard;
			sourceTree = "<group>";
		};
/* End PBXVariantGroup section */

/* Begin XCBuildConfiguration section */
		33E259D427115D29009435EA /* Debug */ = {
			isa = XCBuildConfiguration;
			buildSettings = {
				ALWAYS_SEARCH_USER_PATHS = NO;
				CLANG_ANALYZER_NONNULL = YES;
				CLANG_ANALYZER_NUMBER_OBJECT_CONVERSION = YES_AGGRESSIVE;
				CLANG_CXX_LANGUAGE_STANDARD = "gnu++17";
				CLANG_CXX_LIBRARY = "libc++";
				CLANG_ENABLE_MODULES = YES;
				CLANG_ENABLE_OBJC_ARC = YES;
				CLANG_ENABLE_OBJC_WEAK = YES;
				CLANG_WARN_BLOCK_CAPTURE_AUTORELEASING = YES;
				CLANG_WARN_BOOL_CONVERSION = YES;
				CLANG_WARN_COMMA = YES;
				CLANG_WARN_CONSTANT_CONVERSION = YES;
				CLANG_WARN_DEPRECATED_OBJC_IMPLEMENTATIONS = YES;
				CLANG_WARN_DIRECT_OBJC_ISA_USAGE = YES_ERROR;
				CLANG_WARN_DOCUMENTATION_COMMENTS = YES;
				CLANG_WARN_EMPTY_BODY = YES;
				CLANG_WARN_ENUM_CONVERSION = YES;
				CLANG_WARN_INFINITE_RECURSION = YES;
				CLANG_WARN_INT_CONVERSION = YES;
				CLANG_WARN_NON_LITERAL_NULL_CONVERSION = YES;
				CLANG_WARN_OBJC_IMPLICIT_RETAIN_SELF = YES;
				CLANG_WARN_OBJC_LITERAL_CONVERSION = YES;
				CLANG_WARN_OBJC_ROOT_CLASS = YES_ERROR;
				CLANG_WARN_QUOTED_INCLUDE_IN_FRAMEWORK_HEADER = YES;
				CLANG_WARN_RANGE_LOOP_ANALYSIS = YES;
				CLANG_WARN_STRICT_PROTOTYPES = YES;
				CLANG_WARN_SUSPICIOUS_MOVE = YES;
				CLANG_WARN_UNGUARDED_AVAILABILITY = YES_AGGRESSIVE;
				CLANG_WARN_UNREACHABLE_CODE = YES;
				CLANG_WARN__DUPLICATE_METHOD_MATCH = YES;
				COPY_PHASE_STRIP = NO;
				DEBUG_INFORMATION_FORMAT = dwarf;
				ENABLE_STRICT_OBJC_MSGSEND = YES;
				ENABLE_TESTABILITY = YES;
				GCC_C_LANGUAGE_STANDARD = gnu11;
				GCC_DYNAMIC_NO_PIC = NO;
				GCC_NO_COMMON_BLOCKS = YES;
				GCC_OPTIMIZATION_LEVEL = 0;
				GCC_PREPROCESSOR_DEFINITIONS = (
					"DEBUG=1",
					"$(inherited)",
				);
				GCC_WARN_64_TO_32_BIT_CONVERSION = YES;
				GCC_WARN_ABOUT_RETURN_TYPE = YES_ERROR;
				GCC_WARN_UNDECLARED_SELECTOR = YES;
				GCC_WARN_UNINITIALIZED_AUTOS = YES_AGGRESSIVE;
				GCC_WARN_UNUSED_FUNCTION = YES;
				GCC_WARN_UNUSED_VARIABLE = YES;
				IPHONEOS_DEPLOYMENT_TARGET = 15.0;
				MTL_ENABLE_DEBUG_INFO = INCLUDE_SOURCE;
				MTL_FAST_MATH = YES;
				ONLY_ACTIVE_ARCH = YES;
				SDKROOT = iphoneos;
				SWIFT_ACTIVE_COMPILATION_CONDITIONS = DEBUG;
				SWIFT_OPTIMIZATION_LEVEL = "-Onone";
			};
			name = Debug;
		};
		33E259D527115D29009435EA /* Release */ = {
			isa = XCBuildConfiguration;
			buildSettings = {
				ALWAYS_SEARCH_USER_PATHS = NO;
				CLANG_ANALYZER_NONNULL = YES;
				CLANG_ANALYZER_NUMBER_OBJECT_CONVERSION = YES_AGGRESSIVE;
				CLANG_CXX_LANGUAGE_STANDARD = "gnu++17";
				CLANG_CXX_LIBRARY = "libc++";
				CLANG_ENABLE_MODULES = YES;
				CLANG_ENABLE_OBJC_ARC = YES;
				CLANG_ENABLE_OBJC_WEAK = YES;
				CLANG_WARN_BLOCK_CAPTURE_AUTORELEASING = YES;
				CLANG_WARN_BOOL_CONVERSION = YES;
				CLANG_WARN_COMMA = YES;
				CLANG_WARN_CONSTANT_CONVERSION = YES;
				CLANG_WARN_DEPRECATED_OBJC_IMPLEMENTATIONS = YES;
				CLANG_WARN_DIRECT_OBJC_ISA_USAGE = YES_ERROR;
				CLANG_WARN_DOCUMENTATION_COMMENTS = YES;
				CLANG_WARN_EMPTY_BODY = YES;
				CLANG_WARN_ENUM_CONVERSION = YES;
				CLANG_WARN_INFINITE_RECURSION = YES;
				CLANG_WARN_INT_CONVERSION = YES;
				CLANG_WARN_NON_LITERAL_NULL_CONVERSION = YES;
				CLANG_WARN_OBJC_IMPLICIT_RETAIN_SELF = YES;
				CLANG_WARN_OBJC_LITERAL_CONVERSION = YES;
				CLANG_WARN_OBJC_ROOT_CLASS = YES_ERROR;
				CLANG_WARN_QUOTED_INCLUDE_IN_FRAMEWORK_HEADER = YES;
				CLANG_WARN_RANGE_LOOP_ANALYSIS = YES;
				CLANG_WARN_STRICT_PROTOTYPES = YES;
				CLANG_WARN_SUSPICIOUS_MOVE = YES;
				CLANG_WARN_UNGUARDED_AVAILABILITY = YES_AGGRESSIVE;
				CLANG_WARN_UNREACHABLE_CODE = YES;
				CLANG_WARN__DUPLICATE_METHOD_MATCH = YES;
				COPY_PHASE_STRIP = NO;
				DEBUG_INFORMATION_FORMAT = "dwarf-with-dsym";
				ENABLE_NS_ASSERTIONS = NO;
				ENABLE_STRICT_OBJC_MSGSEND = YES;
				GCC_C_LANGUAGE_STANDARD = gnu11;
				GCC_NO_COMMON_BLOCKS = YES;
				GCC_WARN_64_TO_32_BIT_CONVERSION = YES;
				GCC_WARN_ABOUT_RETURN_TYPE = YES_ERROR;
				GCC_WARN_UNDECLARED_SELECTOR = YES;
				GCC_WARN_UNINITIALIZED_AUTOS = YES_AGGRESSIVE;
				GCC_WARN_UNUSED_FUNCTION = YES;
				GCC_WARN_UNUSED_VARIABLE = YES;
				IPHONEOS_DEPLOYMENT_TARGET = 15.0;
				MTL_ENABLE_DEBUG_INFO = NO;
				MTL_FAST_MATH = YES;
				SDKROOT = iphoneos;
				SWIFT_COMPILATION_MODE = wholemodule;
				SWIFT_OPTIMIZATION_LEVEL = "-O";
				VALIDATE_PRODUCT = YES;
			};
			name = Release;
		};
		33E259D727115D29009435EA /* Debug */ = {
			isa = XCBuildConfiguration;
			buildSettings = {
				ASSETCATALOG_COMPILER_APPICON_NAME = AppIcon;
				ASSETCATALOG_COMPILER_GLOBAL_ACCENT_COLOR_NAME = AccentColor;
				CODE_SIGN_STYLE = Automatic;
				CURRENT_PROJECT_VERSION = 1;
				DEVELOPMENT_TEAM = 2ZS26WP93H;
				GENERATE_INFOPLIST_FILE = YES;
				INFOPLIST_FILE = Seminar2/Info.plist;
				INFOPLIST_KEY_UIApplicationSupportsIndirectInputEvents = YES;
				INFOPLIST_KEY_UILaunchStoryboardName = LaunchScreen;
				INFOPLIST_KEY_UIMainStoryboardFile = AutoLayoutPractice;
				INFOPLIST_KEY_UISupportedInterfaceOrientations_iPad = "UIInterfaceOrientationPortrait UIInterfaceOrientationPortraitUpsideDown UIInterfaceOrientationLandscapeLeft UIInterfaceOrientationLandscapeRight";
				INFOPLIST_KEY_UISupportedInterfaceOrientations_iPhone = "UIInterfaceOrientationPortrait UIInterfaceOrientationLandscapeLeft UIInterfaceOrientationLandscapeRight";
				LD_RUNPATH_SEARCH_PATHS = (
					"$(inherited)",
					"@executable_path/Frameworks",
				);
				MARKETING_VERSION = 1.0;
				PRODUCT_BUNDLE_IDENTIFIER = com.swift.hwangji.Seminar2;
				PRODUCT_NAME = "$(TARGET_NAME)";
				SWIFT_EMIT_LOC_STRINGS = YES;
				SWIFT_VERSION = 5.0;
				TARGETED_DEVICE_FAMILY = 1;
			};
			name = Debug;
		};
		33E259D827115D29009435EA /* Release */ = {
			isa = XCBuildConfiguration;
			buildSettings = {
				ASSETCATALOG_COMPILER_APPICON_NAME = AppIcon;
				ASSETCATALOG_COMPILER_GLOBAL_ACCENT_COLOR_NAME = AccentColor;
				CODE_SIGN_STYLE = Automatic;
				CURRENT_PROJECT_VERSION = 1;
				DEVELOPMENT_TEAM = 2ZS26WP93H;
				GENERATE_INFOPLIST_FILE = YES;
				INFOPLIST_FILE = Seminar2/Info.plist;
				INFOPLIST_KEY_UIApplicationSupportsIndirectInputEvents = YES;
				INFOPLIST_KEY_UILaunchStoryboardName = LaunchScreen;
				INFOPLIST_KEY_UIMainStoryboardFile = AutoLayoutPractice;
				INFOPLIST_KEY_UISupportedInterfaceOrientations_iPad = "UIInterfaceOrientationPortrait UIInterfaceOrientationPortraitUpsideDown UIInterfaceOrientationLandscapeLeft UIInterfaceOrientationLandscapeRight";
				INFOPLIST_KEY_UISupportedInterfaceOrientations_iPhone = "UIInterfaceOrientationPortrait UIInterfaceOrientationLandscapeLeft UIInterfaceOrientationLandscapeRight";
				LD_RUNPATH_SEARCH_PATHS = (
					"$(inherited)",
					"@executable_path/Frameworks",
				);
				MARKETING_VERSION = 1.0;
				PRODUCT_BUNDLE_IDENTIFIER = com.swift.hwangji.Seminar2;
				PRODUCT_NAME = "$(TARGET_NAME)";
				SWIFT_EMIT_LOC_STRINGS = YES;
				SWIFT_VERSION = 5.0;
				TARGETED_DEVICE_FAMILY = 1;
			};
			name = Release;
		};
/* End XCBuildConfiguration section */

/* Begin XCConfigurationList section */
		33E259BD27115D26009435EA /* Build configuration list for PBXProject "Seminar2" */ = {
			isa = XCConfigurationList;
			buildConfigurations = (
				33E259D427115D29009435EA /* Debug */,
				33E259D527115D29009435EA /* Release */,
			);
			defaultConfigurationIsVisible = 0;
			defaultConfigurationName = Release;
		};
		33E259D627115D29009435EA /* Build configuration list for PBXNativeTarget "Seminar2" */ = {
			isa = XCConfigurationList;
			buildConfigurations = (
				33E259D727115D29009435EA /* Debug */,
				33E259D827115D29009435EA /* Release */,
			);
			defaultConfigurationIsVisible = 0;
			defaultConfigurationName = Release;
		};
/* End XCConfigurationList section */
	};
	rootObject = 33E259BA27115D26009435EA /* Project object */;
}
