// !$*UTF8*$!
{
	archiveVersion = 1;
	classes = {
	};
	objectVersion = 55;
	objects = {

/* Begin PBXBuildFile section */
		33E638012751F7BF00090B52 /* AppDelegate.swift in Sources */ = {isa = PBXBuildFile; fileRef = 33E638002751F7BF00090B52 /* AppDelegate.swift */; };
		33E638032751F7BF00090B52 /* SceneDelegate.swift in Sources */ = {isa = PBXBuildFile; fileRef = 33E638022751F7BF00090B52 /* SceneDelegate.swift */; };
		33E638082751F7BF00090B52 /* Main.storyboard in Resources */ = {isa = PBXBuildFile; fileRef = 33E638062751F7BF00090B52 /* Main.storyboard */; };
		33E6380A2751F7C200090B52 /* Assets.xcassets in Resources */ = {isa = PBXBuildFile; fileRef = 33E638092751F7C200090B52 /* Assets.xcassets */; };
		33E6380D2751F7C200090B52 /* LaunchScreen.storyboard in Resources */ = {isa = PBXBuildFile; fileRef = 33E6380B2751F7C200090B52 /* LaunchScreen.storyboard */; };
		33E638162751F8E300090B52 /* FirstVC.swift in Sources */ = {isa = PBXBuildFile; fileRef = 33E638152751F8E300090B52 /* FirstVC.swift */; };
		33E638182751F8EE00090B52 /* SecondVC.swift in Sources */ = {isa = PBXBuildFile; fileRef = 33E638172751F8EE00090B52 /* SecondVC.swift */; };
		33E6381A2752064E00090B52 /* DelegatePracticeVC.swift in Sources */ = {isa = PBXBuildFile; fileRef = 33E638192752064E00090B52 /* DelegatePracticeVC.swift */; };
		33E638202752078200090B52 /* KeywordCVC.swift in Sources */ = {isa = PBXBuildFile; fileRef = 33E6381E2752078200090B52 /* KeywordCVC.swift */; };
		33E638212752078200090B52 /* KeywordCVC.xib in Resources */ = {isa = PBXBuildFile; fileRef = 33E6381F2752078200090B52 /* KeywordCVC.xib */; };
		33E638232752182C00090B52 /* GestureVC.swift in Sources */ = {isa = PBXBuildFile; fileRef = 33E638222752182C00090B52 /* GestureVC.swift */; };
/* End PBXBuildFile section */

/* Begin PBXFileReference section */
		33E637FD2751F7BF00090B52 /* Seminar7.app */ = {isa = PBXFileReference; explicitFileType = wrapper.application; includeInIndex = 0; path = Seminar7.app; sourceTree = BUILT_PRODUCTS_DIR; };
		33E638002751F7BF00090B52 /* AppDelegate.swift */ = {isa = PBXFileReference; lastKnownFileType = sourcecode.swift; path = AppDelegate.swift; sourceTree = "<group>"; };
		33E638022751F7BF00090B52 /* SceneDelegate.swift */ = {isa = PBXFileReference; lastKnownFileType = sourcecode.swift; path = SceneDelegate.swift; sourceTree = "<group>"; };
		33E638072751F7BF00090B52 /* Base */ = {isa = PBXFileReference; lastKnownFileType = file.storyboard; name = Base; path = Base.lproj/Main.storyboard; sourceTree = "<group>"; };
		33E638092751F7C200090B52 /* Assets.xcassets */ = {isa = PBXFileReference; lastKnownFileType = folder.assetcatalog; path = Assets.xcassets; sourceTree = "<group>"; };
		33E6380C2751F7C200090B52 /* Base */ = {isa = PBXFileReference; lastKnownFileType = file.storyboard; name = Base; path = Base.lproj/LaunchScreen.storyboard; sourceTree = "<group>"; };
		33E6380E2751F7C200090B52 /* Info.plist */ = {isa = PBXFileReference; lastKnownFileType = text.plist.xml; path = Info.plist; sourceTree = "<group>"; };
		33E638152751F8E300090B52 /* FirstVC.swift */ = {isa = PBXFileReference; lastKnownFileType = sourcecode.swift; path = FirstVC.swift; sourceTree = "<group>"; };
		33E638172751F8EE00090B52 /* SecondVC.swift */ = {isa = PBXFileReference; lastKnownFileType = sourcecode.swift; path = SecondVC.swift; sourceTree = "<group>"; };
		33E638192752064E00090B52 /* DelegatePracticeVC.swift */ = {isa = PBXFileReference; lastKnownFileType = sourcecode.swift; path = DelegatePracticeVC.swift; sourceTree = "<group>"; };
		33E6381E2752078200090B52 /* KeywordCVC.swift */ = {isa = PBXFileReference; lastKnownFileType = sourcecode.swift; path = KeywordCVC.swift; sourceTree = "<group>"; };
		33E6381F2752078200090B52 /* KeywordCVC.xib */ = {isa = PBXFileReference; lastKnownFileType = file.xib; path = KeywordCVC.xib; sourceTree = "<group>"; };
		33E638222752182C00090B52 /* GestureVC.swift */ = {isa = PBXFileReference; lastKnownFileType = sourcecode.swift; path = GestureVC.swift; sourceTree = "<group>"; };
/* End PBXFileReference section */

/* Begin PBXFrameworksBuildPhase section */
		33E637FA2751F7BF00090B52 /* Frameworks */ = {
			isa = PBXFrameworksBuildPhase;
			buildActionMask = 2147483647;
			files = (
			);
			runOnlyForDeploymentPostprocessing = 0;
		};
/* End PBXFrameworksBuildPhase section */

/* Begin PBXGroup section */
		33E637F42751F7BF00090B52 = {
			isa = PBXGroup;
			children = (
				33E637FF2751F7BF00090B52 /* Seminar7 */,
				33E637FE2751F7BF00090B52 /* Products */,
			);
			sourceTree = "<group>";
		};
		33E637FE2751F7BF00090B52 /* Products */ = {
			isa = PBXGroup;
			children = (
				33E637FD2751F7BF00090B52 /* Seminar7.app */,
			);
			name = Products;
			sourceTree = "<group>";
		};
		33E637FF2751F7BF00090B52 /* Seminar7 */ = {
			isa = PBXGroup;
			children = (
				33E638242752183800090B52 /* Supports */,
				33E6381B2752075600090B52 /* Cell */,
				33E638142751F8CE00090B52 /* Controllers */,
				33E638062751F7BF00090B52 /* Main.storyboard */,
				33E6380B2751F7C200090B52 /* LaunchScreen.storyboard */,
				33E6380E2751F7C200090B52 /* Info.plist */,
			);
			path = Seminar7;
			sourceTree = "<group>";
		};
		33E638142751F8CE00090B52 /* Controllers */ = {
			isa = PBXGroup;
			children = (
				33E638152751F8E300090B52 /* FirstVC.swift */,
				33E638172751F8EE00090B52 /* SecondVC.swift */,
				33E638192752064E00090B52 /* DelegatePracticeVC.swift */,
				33E638222752182C00090B52 /* GestureVC.swift */,
			);
			path = Controllers;
			sourceTree = "<group>";
		};
		33E6381B2752075600090B52 /* Cell */ = {
			isa = PBXGroup;
			children = (
				33E6381E2752078200090B52 /* KeywordCVC.swift */,
				33E6381F2752078200090B52 /* KeywordCVC.xib */,
			);
			path = Cell;
			sourceTree = "<group>";
		};
		33E638242752183800090B52 /* Supports */ = {
			isa = PBXGroup;
			children = (
				33E638002751F7BF00090B52 /* AppDelegate.swift */,
				33E638022751F7BF00090B52 /* SceneDelegate.swift */,
				33E638092751F7C200090B52 /* Assets.xcassets */,
			);
			path = Supports;
			sourceTree = "<group>";
		};
/* End PBXGroup section */

/* Begin PBXNativeTarget section */
		33E637FC2751F7BF00090B52 /* Seminar7 */ = {
			isa = PBXNativeTarget;
			buildConfigurationList = 33E638112751F7C200090B52 /* Build configuration list for PBXNativeTarget "Seminar7" */;
			buildPhases = (
				33E637F92751F7BF00090B52 /* Sources */,
				33E637FA2751F7BF00090B52 /* Frameworks */,
				33E637FB2751F7BF00090B52 /* Resources */,
			);
			buildRules = (
			);
			dependencies = (
			);
			name = Seminar7;
			productName = Seminar7;
			productReference = 33E637FD2751F7BF00090B52 /* Seminar7.app */;
			productType = "com.apple.product-type.application";
		};
/* End PBXNativeTarget section */

/* Begin PBXProject section */
		33E637F52751F7BF00090B52 /* Project object */ = {
			isa = PBXProject;
			attributes = {
				BuildIndependentTargetsInParallel = 1;
				LastSwiftUpdateCheck = 1310;
				LastUpgradeCheck = 1310;
				TargetAttributes = {
					33E637FC2751F7BF00090B52 = {
						CreatedOnToolsVersion = 13.1;
					};
				};
			};
			buildConfigurationList = 33E637F82751F7BF00090B52 /* Build configuration list for PBXProject "Seminar7" */;
			compatibilityVersion = "Xcode 13.0";
			developmentRegion = en;
			hasScannedForEncodings = 0;
			knownRegions = (
				en,
				Base,
			);
			mainGroup = 33E637F42751F7BF00090B52;
			productRefGroup = 33E637FE2751F7BF00090B52 /* Products */;
			projectDirPath = "";
			projectRoot = "";
			targets = (
				33E637FC2751F7BF00090B52 /* Seminar7 */,
			);
		};
/* End PBXProject section */

/* Begin PBXResourcesBuildPhase section */
		33E637FB2751F7BF00090B52 /* Resources */ = {
			isa = PBXResourcesBuildPhase;
			buildActionMask = 2147483647;
			files = (
				33E638212752078200090B52 /* KeywordCVC.xib in Resources */,
				33E6380D2751F7C200090B52 /* LaunchScreen.storyboard in Resources */,
				33E6380A2751F7C200090B52 /* Assets.xcassets in Resources */,
				33E638082751F7BF00090B52 /* Main.storyboard in Resources */,
			);
			runOnlyForDeploymentPostprocessing = 0;
		};
/* End PBXResourcesBuildPhase section */

/* Begin PBXSourcesBuildPhase section */
		33E637F92751F7BF00090B52 /* Sources */ = {
			isa = PBXSourcesBuildPhase;
			buildActionMask = 2147483647;
			files = (
				33E638232752182C00090B52 /* GestureVC.swift in Sources */,
				33E638202752078200090B52 /* KeywordCVC.swift in Sources */,
				33E638182751F8EE00090B52 /* SecondVC.swift in Sources */,
				33E638162751F8E300090B52 /* FirstVC.swift in Sources */,
				33E6381A2752064E00090B52 /* DelegatePracticeVC.swift in Sources */,
				33E638012751F7BF00090B52 /* AppDelegate.swift in Sources */,
				33E638032751F7BF00090B52 /* SceneDelegate.swift in Sources */,
			);
			runOnlyForDeploymentPostprocessing = 0;
		};
/* End PBXSourcesBuildPhase section */

/* Begin PBXVariantGroup section */
		33E638062751F7BF00090B52 /* Main.storyboard */ = {
			isa = PBXVariantGroup;
			children = (
				33E638072751F7BF00090B52 /* Base */,
			);
			name = Main.storyboard;
			sourceTree = "<group>";
		};
		33E6380B2751F7C200090B52 /* LaunchScreen.storyboard */ = {
			isa = PBXVariantGroup;
			children = (
				33E6380C2751F7C200090B52 /* Base */,
			);
			name = LaunchScreen.storyboard;
			sourceTree = "<group>";
		};
/* End PBXVariantGroup section */

/* Begin XCBuildConfiguration section */
		33E6380F2751F7C200090B52 /* Debug */ = {
			isa = XCBuildConfiguration;
			buildSettings = {
				ALWAYS_SEARCH_USER_PATHS = NO;
				CLANG_ANALYZER_NONNULL = YES;
				CLANG_ANALYZER_NUMBER_OBJECT_CONVERSION = YES_AGGRESSIVE;
				CLANG_CXX_LANGUAGE_STANDARD = "gnu++17";
				CLANG_CXX_LIBRARY = "libc++";
				CLANG_ENABLE_MODULES = YES;
				CLANG_ENABLE_OBJC_ARC = YES;
				CLANG_ENABLE_OBJC_WEAK = YES;
				CLANG_WARN_BLOCK_CAPTURE_AUTORELEASING = YES;
				CLANG_WARN_BOOL_CONVERSION = YES;
				CLANG_WARN_COMMA = YES;
				CLANG_WARN_CONSTANT_CONVERSION = YES;
				CLANG_WARN_DEPRECATED_OBJC_IMPLEMENTATIONS = YES;
				CLANG_WARN_DIRECT_OBJC_ISA_USAGE = YES_ERROR;
				CLANG_WARN_DOCUMENTATION_COMMENTS = YES;
				CLANG_WARN_EMPTY_BODY = YES;
				CLANG_WARN_ENUM_CONVERSION = YES;
				CLANG_WARN_INFINITE_RECURSION = YES;
				CLANG_WARN_INT_CONVERSION = YES;
				CLANG_WARN_NON_LITERAL_NULL_CONVERSION = YES;
				CLANG_WARN_OBJC_IMPLICIT_RETAIN_SELF = YES;
				CLANG_WARN_OBJC_LITERAL_CONVERSION = YES;
				CLANG_WARN_OBJC_ROOT_CLASS = YES_ERROR;
				CLANG_WARN_QUOTED_INCLUDE_IN_FRAMEWORK_HEADER = YES;
				CLANG_WARN_RANGE_LOOP_ANALYSIS = YES;
				CLANG_WARN_STRICT_PROTOTYPES = YES;
				CLANG_WARN_SUSPICIOUS_MOVE = YES;
				CLANG_WARN_UNGUARDED_AVAILABILITY = YES_AGGRESSIVE;
				CLANG_WARN_UNREACHABLE_CODE = YES;
				CLANG_WARN__DUPLICATE_METHOD_MATCH = YES;
				COPY_PHASE_STRIP = NO;
				DEBUG_INFORMATION_FORMAT = dwarf;
				ENABLE_STRICT_OBJC_MSGSEND = YES;
				ENABLE_TESTABILITY = YES;
				GCC_C_LANGUAGE_STANDARD = gnu11;
				GCC_DYNAMIC_NO_PIC = NO;
				GCC_NO_COMMON_BLOCKS = YES;
				GCC_OPTIMIZATION_LEVEL = 0;
				GCC_PREPROCESSOR_DEFINITIONS = (
					"DEBUG=1",
					"$(inherited)",
				);
				GCC_WARN_64_TO_32_BIT_CONVERSION = YES;
				GCC_WARN_ABOUT_RETURN_TYPE = YES_ERROR;
				GCC_WARN_UNDECLARED_SELECTOR = YES;
				GCC_WARN_UNINITIALIZED_AUTOS = YES_AGGRESSIVE;
				GCC_WARN_UNUSED_FUNCTION = YES;
				GCC_WARN_UNUSED_VARIABLE = YES;
				IPHONEOS_DEPLOYMENT_TARGET = 15.0;
				MTL_ENABLE_DEBUG_INFO = INCLUDE_SOURCE;
				MTL_FAST_MATH = YES;
				ONLY_ACTIVE_ARCH = YES;
				SDKROOT = iphoneos;
				SWIFT_ACTIVE_COMPILATION_CONDITIONS = DEBUG;
				SWIFT_OPTIMIZATION_LEVEL = "-Onone";
			};
			name = Debug;
		};
		33E638102751F7C200090B52 /* Release */ = {
			isa = XCBuildConfiguration;
			buildSettings = {
				ALWAYS_SEARCH_USER_PATHS = NO;
				CLANG_ANALYZER_NONNULL = YES;
				CLANG_ANALYZER_NUMBER_OBJECT_CONVERSION = YES_AGGRESSIVE;
				CLANG_CXX_LANGUAGE_STANDARD = "gnu++17";
				CLANG_CXX_LIBRARY = "libc++";
				CLANG_ENABLE_MODULES = YES;
				CLANG_ENABLE_OBJC_ARC = YES;
				CLANG_ENABLE_OBJC_WEAK = YES;
				CLANG_WARN_BLOCK_CAPTURE_AUTORELEASING = YES;
				CLANG_WARN_BOOL_CONVERSION = YES;
				CLANG_WARN_COMMA = YES;
				CLANG_WARN_CONSTANT_CONVERSION = YES;
				CLANG_WARN_DEPRECATED_OBJC_IMPLEMENTATIONS = YES;
				CLANG_WARN_DIRECT_OBJC_ISA_USAGE = YES_ERROR;
				CLANG_WARN_DOCUMENTATION_COMMENTS = YES;
				CLANG_WARN_EMPTY_BODY = YES;
				CLANG_WARN_ENUM_CONVERSION = YES;
				CLANG_WARN_INFINITE_RECURSION = YES;
				CLANG_WARN_INT_CONVERSION = YES;
				CLANG_WARN_NON_LITERAL_NULL_CONVERSION = YES;
				CLANG_WARN_OBJC_IMPLICIT_RETAIN_SELF = YES;
				CLANG_WARN_OBJC_LITERAL_CONVERSION = YES;
				CLANG_WARN_OBJC_ROOT_CLASS = YES_ERROR;
				CLANG_WARN_QUOTED_INCLUDE_IN_FRAMEWORK_HEADER = YES;
				CLANG_WARN_RANGE_LOOP_ANALYSIS = YES;
				CLANG_WARN_STRICT_PROTOTYPES = YES;
				CLANG_WARN_SUSPICIOUS_MOVE = YES;
				CLANG_WARN_UNGUARDED_AVAILABILITY = YES_AGGRESSIVE;
				CLANG_WARN_UNREACHABLE_CODE = YES;
				CLANG_WARN__DUPLICATE_METHOD_MATCH = YES;
				COPY_PHASE_STRIP = NO;
				DEBUG_INFORMATION_FORMAT = "dwarf-with-dsym";
				ENABLE_NS_ASSERTIONS = NO;
				ENABLE_STRICT_OBJC_MSGSEND = YES;
				GCC_C_LANGUAGE_STANDARD = gnu11;
				GCC_NO_COMMON_BLOCKS = YES;
				GCC_WARN_64_TO_32_BIT_CONVERSION = YES;
				GCC_WARN_ABOUT_RETURN_TYPE = YES_ERROR;
				GCC_WARN_UNDECLARED_SELECTOR = YES;
				GCC_WARN_UNINITIALIZED_AUTOS = YES_AGGRESSIVE;
				GCC_WARN_UNUSED_FUNCTION = YES;
				GCC_WARN_UNUSED_VARIABLE = YES;
				IPHONEOS_DEPLOYMENT_TARGET = 15.0;
				MTL_ENABLE_DEBUG_INFO = NO;
				MTL_FAST_MATH = YES;
				SDKROOT = iphoneos;
				SWIFT_COMPILATION_MODE = wholemodule;
				SWIFT_OPTIMIZATION_LEVEL = "-O";
				VALIDATE_PRODUCT = YES;
			};
			name = Release;
		};
		33E638122751F7C200090B52 /* Debug */ = {
			isa = XCBuildConfiguration;
			buildSettings = {
				ASSETCATALOG_COMPILER_APPICON_NAME = AppIcon;
				ASSETCATALOG_COMPILER_GLOBAL_ACCENT_COLOR_NAME = AccentColor;
				CODE_SIGN_STYLE = Automatic;
				CURRENT_PROJECT_VERSION = 1;
				GENERATE_INFOPLIST_FILE = YES;
				INFOPLIST_FILE = Seminar7/Info.plist;
				INFOPLIST_KEY_UIApplicationSupportsIndirectInputEvents = YES;
				INFOPLIST_KEY_UILaunchStoryboardName = LaunchScreen;
				INFOPLIST_KEY_UIMainStoryboardFile = Main;
				INFOPLIST_KEY_UISupportedInterfaceOrientations_iPad = "UIInterfaceOrientationPortrait UIInterfaceOrientationPortraitUpsideDown UIInterfaceOrientationLandscapeLeft UIInterfaceOrientationLandscapeRight";
				INFOPLIST_KEY_UISupportedInterfaceOrientations_iPhone = "UIInterfaceOrientationPortrait UIInterfaceOrientationLandscapeLeft UIInterfaceOrientationLandscapeRight";
				LD_RUNPATH_SEARCH_PATHS = (
					"$(inherited)",
					"@executable_path/Frameworks",
				);
				MARKETING_VERSION = 1.0;
				PRODUCT_BUNDLE_IDENTIFIER = com.swift.SOPT.Seminar7;
				PRODUCT_NAME = "$(TARGET_NAME)";
				SWIFT_EMIT_LOC_STRINGS = YES;
				SWIFT_VERSION = 5.0;
				TARGETED_DEVICE_FAMILY = "1,2";
			};
			name = Debug;
		};
		33E638132751F7C200090B52 /* Release */ = {
			isa = XCBuildConfiguration;
			buildSettings = {
				ASSETCATALOG_COMPILER_APPICON_NAME = AppIcon;
				ASSETCATALOG_COMPILER_GLOBAL_ACCENT_COLOR_NAME = AccentColor;
				CODE_SIGN_STYLE = Automatic;
				CURRENT_PROJECT_VERSION = 1;
				GENERATE_INFOPLIST_FILE = YES;
				INFOPLIST_FILE = Seminar7/Info.plist;
				INFOPLIST_KEY_UIApplicationSupportsIndirectInputEvents = YES;
				INFOPLIST_KEY_UILaunchStoryboardName = LaunchScreen;
				INFOPLIST_KEY_UIMainStoryboardFile = Main;
				INFOPLIST_KEY_UISupportedInterfaceOrientations_iPad = "UIInterfaceOrientationPortrait UIInterfaceOrientationPortraitUpsideDown UIInterfaceOrientationLandscapeLeft UIInterfaceOrientationLandscapeRight";
				INFOPLIST_KEY_UISupportedInterfaceOrientations_iPhone = "UIInterfaceOrientationPortrait UIInterfaceOrientationLandscapeLeft UIInterfaceOrientationLandscapeRight";
				LD_RUNPATH_SEARCH_PATHS = (
					"$(inherited)",
					"@executable_path/Frameworks",
				);
				MARKETING_VERSION = 1.0;
				PRODUCT_BUNDLE_IDENTIFIER = com.swift.SOPT.Seminar7;
				PRODUCT_NAME = "$(TARGET_NAME)";
				SWIFT_EMIT_LOC_STRINGS = YES;
				SWIFT_VERSION = 5.0;
				TARGETED_DEVICE_FAMILY = "1,2";
			};
			name = Release;
		};
/* End XCBuildConfiguration section */

/* Begin XCConfigurationList section */
		33E637F82751F7BF00090B52 /* Build configuration list for PBXProject "Seminar7" */ = {
			isa = XCConfigurationList;
			buildConfigurations = (
				33E6380F2751F7C200090B52 /* Debug */,
				33E638102751F7C200090B52 /* Release */,
			);
			defaultConfigurationIsVisible = 0;
			defaultConfigurationName = Release;
		};
		33E638112751F7C200090B52 /* Build configuration list for PBXNativeTarget "Seminar7" */ = {
			isa = XCConfigurationList;
			buildConfigurations = (
				33E638122751F7C200090B52 /* Debug */,
				33E638132751F7C200090B52 /* Release */,
			);
			defaultConfigurationIsVisible = 0;
			defaultConfigurationName = Release;
		};
/* End XCConfigurationList section */
	};
	rootObject = 33E637F52751F7BF00090B52 /* Project object */;
}
