// !$*UTF8*$!
{
	archiveVersion = 1;
	classes = {
	};
	objectVersion = 55;
	objects = {

/* Begin PBXBuildFile section */
		3350BD89276DA86D00A82EE0 /* AppDelegate.swift in Sources */ = {isa = PBXBuildFile; fileRef = 3350BD88276DA86D00A82EE0 /* AppDelegate.swift */; };
		3350BD8B276DA86D00A82EE0 /* SceneDelegate.swift in Sources */ = {isa = PBXBuildFile; fileRef = 3350BD8A276DA86D00A82EE0 /* SceneDelegate.swift */; };
		3350BD8D276DA86D00A82EE0 /* ViewController.swift in Sources */ = {isa = PBXBuildFile; fileRef = 3350BD8C276DA86D00A82EE0 /* ViewController.swift */; };
		3350BD90276DA86D00A82EE0 /* Main.storyboard in Resources */ = {isa = PBXBuildFile; fileRef = 3350BD8E276DA86D00A82EE0 /* Main.storyboard */; };
		3350BD92276DA86F00A82EE0 /* Assets.xcassets in Resources */ = {isa = PBXBuildFile; fileRef = 3350BD91276DA86F00A82EE0 /* Assets.xcassets */; };
		3350BD95276DA86F00A82EE0 /* LaunchScreen.storyboard in Resources */ = {isa = PBXBuildFile; fileRef = 3350BD93276DA86F00A82EE0 /* LaunchScreen.storyboard */; };
		3350BD9D276DB0C100A82EE0 /* seminar8-sample.json in Resources */ = {isa = PBXBuildFile; fileRef = 3350BD9C276DB0C100A82EE0 /* seminar8-sample.json */; };
		3C454269931C9FD7084B19E1 /* Pods_Seminar8.framework in Frameworks */ = {isa = PBXBuildFile; fileRef = 0A1C4FAE0A563D2FCF3B1BD0 /* Pods_Seminar8.framework */; };
/* End PBXBuildFile section */

/* Begin PBXFileReference section */
		0A1C4FAE0A563D2FCF3B1BD0 /* Pods_Seminar8.framework */ = {isa = PBXFileReference; explicitFileType = wrapper.framework; includeInIndex = 0; path = Pods_Seminar8.framework; sourceTree = BUILT_PRODUCTS_DIR; };
		3350BD85276DA86D00A82EE0 /* Seminar8.app */ = {isa = PBXFileReference; explicitFileType = wrapper.application; includeInIndex = 0; path = Seminar8.app; sourceTree = BUILT_PRODUCTS_DIR; };
		3350BD88276DA86D00A82EE0 /* AppDelegate.swift */ = {isa = PBXFileReference; lastKnownFileType = sourcecode.swift; path = AppDelegate.swift; sourceTree = "<group>"; };
		3350BD8A276DA86D00A82EE0 /* SceneDelegate.swift */ = {isa = PBXFileReference; lastKnownFileType = sourcecode.swift; path = SceneDelegate.swift; sourceTree = "<group>"; };
		3350BD8C276DA86D00A82EE0 /* ViewController.swift */ = {isa = PBXFileReference; lastKnownFileType = sourcecode.swift; path = ViewController.swift; sourceTree = "<group>"; };
		3350BD8F276DA86D00A82EE0 /* Base */ = {isa = PBXFileReference; lastKnownFileType = file.storyboard; name = Base; path = Base.lproj/Main.storyboard; sourceTree = "<group>"; };
		3350BD91276DA86F00A82EE0 /* Assets.xcassets */ = {isa = PBXFileReference; lastKnownFileType = folder.assetcatalog; path = Assets.xcassets; sourceTree = "<group>"; };
		3350BD94276DA86F00A82EE0 /* Base */ = {isa = PBXFileReference; lastKnownFileType = file.storyboard; name = Base; path = Base.lproj/LaunchScreen.storyboard; sourceTree = "<group>"; };
		3350BD96276DA86F00A82EE0 /* Info.plist */ = {isa = PBXFileReference; lastKnownFileType = text.plist.xml; path = Info.plist; sourceTree = "<group>"; };
		3350BD9C276DB0C100A82EE0 /* seminar8-sample.json */ = {isa = PBXFileReference; fileEncoding = 4; lastKnownFileType = text.json; path = "seminar8-sample.json"; sourceTree = "<group>"; };
		992B04FF893E224B1A8809F6 /* Pods-Seminar8.debug.xcconfig */ = {isa = PBXFileReference; includeInIndex = 1; lastKnownFileType = text.xcconfig; name = "Pods-Seminar8.debug.xcconfig"; path = "Target Support Files/Pods-Seminar8/Pods-Seminar8.debug.xcconfig"; sourceTree = "<group>"; };
		BA5298DBF5883D5131EE7EB7 /* Pods-Seminar8.release.xcconfig */ = {isa = PBXFileReference; includeInIndex = 1; lastKnownFileType = text.xcconfig; name = "Pods-Seminar8.release.xcconfig"; path = "Target Support Files/Pods-Seminar8/Pods-Seminar8.release.xcconfig"; sourceTree = "<group>"; };
/* End PBXFileReference section */

/* Begin PBXFrameworksBuildPhase section */
		3350BD82276DA86D00A82EE0 /* Frameworks */ = {
			isa = PBXFrameworksBuildPhase;
			buildActionMask = 2147483647;
			files = (
				3C454269931C9FD7084B19E1 /* Pods_Seminar8.framework in Frameworks */,
			);
			runOnlyForDeploymentPostprocessing = 0;
		};
/* End PBXFrameworksBuildPhase section */

/* Begin PBXGroup section */
		2CE47E217B643E805A7820B5 /* Pods */ = {
			isa = PBXGroup;
			children = (
				992B04FF893E224B1A8809F6 /* Pods-Seminar8.debug.xcconfig */,
				BA5298DBF5883D5131EE7EB7 /* Pods-Seminar8.release.xcconfig */,
			);
			path = Pods;
			sourceTree = "<group>";
		};
		3350BD7C276DA86D00A82EE0 = {
			isa = PBXGroup;
			children = (
				3350BD87276DA86D00A82EE0 /* Seminar8 */,
				3350BD86276DA86D00A82EE0 /* Products */,
				2CE47E217B643E805A7820B5 /* Pods */,
				4C9AA3057B451D9F6F503DEE /* Frameworks */,
			);
			sourceTree = "<group>";
		};
		3350BD86276DA86D00A82EE0 /* Products */ = {
			isa = PBXGroup;
			children = (
				3350BD85276DA86D00A82EE0 /* Seminar8.app */,
			);
			name = Products;
			sourceTree = "<group>";
		};
		3350BD87276DA86D00A82EE0 /* Seminar8 */ = {
			isa = PBXGroup;
			children = (
				3350BD88276DA86D00A82EE0 /* AppDelegate.swift */,
				3350BD8A276DA86D00A82EE0 /* SceneDelegate.swift */,
				3350BD8C276DA86D00A82EE0 /* ViewController.swift */,
				3350BD8E276DA86D00A82EE0 /* Main.storyboard */,
				3350BD91276DA86F00A82EE0 /* Assets.xcassets */,
				3350BD93276DA86F00A82EE0 /* LaunchScreen.storyboard */,
				3350BD96276DA86F00A82EE0 /* Info.plist */,
				3350BD9C276DB0C100A82EE0 /* seminar8-sample.json */,
			);
			path = Seminar8;
			sourceTree = "<group>";
		};
		4C9AA3057B451D9F6F503DEE /* Frameworks */ = {
			isa = PBXGroup;
			children = (
				0A1C4FAE0A563D2FCF3B1BD0 /* Pods_Seminar8.framework */,
			);
			name = Frameworks;
			sourceTree = "<group>";
		};
/* End PBXGroup section */

/* Begin PBXNativeTarget section */
		3350BD84276DA86D00A82EE0 /* Seminar8 */ = {
			isa = PBXNativeTarget;
			buildConfigurationList = 3350BD99276DA86F00A82EE0 /* Build configuration list for PBXNativeTarget "Seminar8" */;
			buildPhases = (
				0D12B875966578078920CF15 /* [CP] Check Pods Manifest.lock */,
				3350BD81276DA86D00A82EE0 /* Sources */,
				3350BD82276DA86D00A82EE0 /* Frameworks */,
				3350BD83276DA86D00A82EE0 /* Resources */,
				033329B6A19800A1A755C610 /* [CP] Embed Pods Frameworks */,
			);
			buildRules = (
			);
			dependencies = (
			);
			name = Seminar8;
			productName = Seminar8;
			productReference = 3350BD85276DA86D00A82EE0 /* Seminar8.app */;
			productType = "com.apple.product-type.application";
		};
/* End PBXNativeTarget section */

/* Begin PBXProject section */
		3350BD7D276DA86D00A82EE0 /* Project object */ = {
			isa = PBXProject;
			attributes = {
				BuildIndependentTargetsInParallel = 1;
				LastSwiftUpdateCheck = 1310;
				LastUpgradeCheck = 1310;
				TargetAttributes = {
					3350BD84276DA86D00A82EE0 = {
						CreatedOnToolsVersion = 13.1;
					};
				};
			};
			buildConfigurationList = 3350BD80276DA86D00A82EE0 /* Build configuration list for PBXProject "Seminar8" */;
			compatibilityVersion = "Xcode 13.0";
			developmentRegion = en;
			hasScannedForEncodings = 0;
			knownRegions = (
				en,
				Base,
			);
			mainGroup = 3350BD7C276DA86D00A82EE0;
			productRefGroup = 3350BD86276DA86D00A82EE0 /* Products */;
			projectDirPath = "";
			projectRoot = "";
			targets = (
				3350BD84276DA86D00A82EE0 /* Seminar8 */,
			);
		};
/* End PBXProject section */

/* Begin PBXResourcesBuildPhase section */
		3350BD83276DA86D00A82EE0 /* Resources */ = {
			isa = PBXResourcesBuildPhase;
			buildActionMask = 2147483647;
			files = (
				3350BD95276DA86F00A82EE0 /* LaunchScreen.storyboard in Resources */,
				3350BD92276DA86F00A82EE0 /* Assets.xcassets in Resources */,
				3350BD9D276DB0C100A82EE0 /* seminar8-sample.json in Resources */,
				3350BD90276DA86D00A82EE0 /* Main.storyboard in Resources */,
			);
			runOnlyForDeploymentPostprocessing = 0;
		};
/* End PBXResourcesBuildPhase section */

/* Begin PBXShellScriptBuildPhase section */
		033329B6A19800A1A755C610 /* [CP] Embed Pods Frameworks */ = {
			isa = PBXShellScriptBuildPhase;
			buildActionMask = 2147483647;
			files = (
			);
			inputFileListPaths = (
				"${PODS_ROOT}/Target Support Files/Pods-Seminar8/Pods-Seminar8-frameworks-${CONFIGURATION}-input-files.xcfilelist",
			);
			name = "[CP] Embed Pods Frameworks";
			outputFileListPaths = (
				"${PODS_ROOT}/Target Support Files/Pods-Seminar8/Pods-Seminar8-frameworks-${CONFIGURATION}-output-files.xcfilelist",
			);
			runOnlyForDeploymentPostprocessing = 0;
			shellPath = /bin/sh;
			shellScript = "\"${PODS_ROOT}/Target Support Files/Pods-Seminar8/Pods-Seminar8-frameworks.sh\"\n";
			showEnvVarsInLog = 0;
		};
		0D12B875966578078920CF15 /* [CP] Check Pods Manifest.lock */ = {
			isa = PBXShellScriptBuildPhase;
			buildActionMask = 2147483647;
			files = (
			);
			inputFileListPaths = (
			);
			inputPaths = (
				"${PODS_PODFILE_DIR_PATH}/Podfile.lock",
				"${PODS_ROOT}/Manifest.lock",
			);
			name = "[CP] Check Pods Manifest.lock";
			outputFileListPaths = (
			);
			outputPaths = (
				"$(DERIVED_FILE_DIR)/Pods-Seminar8-checkManifestLockResult.txt",
			);
			runOnlyForDeploymentPostprocessing = 0;
			shellPath = /bin/sh;
			shellScript = "diff \"${PODS_PODFILE_DIR_PATH}/Podfile.lock\" \"${PODS_ROOT}/Manifest.lock\" > /dev/null\nif [ $? != 0 ] ; then\n    # print error to STDERR\n    echo \"error: The sandbox is not in sync with the Podfile.lock. Run 'pod install' or update your CocoaPods installation.\" >&2\n    exit 1\nfi\n# This output is used by Xcode 'outputs' to avoid re-running this script phase.\necho \"SUCCESS\" > \"${SCRIPT_OUTPUT_FILE_0}\"\n";
			showEnvVarsInLog = 0;
		};
/* End PBXShellScriptBuildPhase section */

/* Begin PBXSourcesBuildPhase section */
		3350BD81276DA86D00A82EE0 /* Sources */ = {
			isa = PBXSourcesBuildPhase;
			buildActionMask = 2147483647;
			files = (
				3350BD8D276DA86D00A82EE0 /* ViewController.swift in Sources */,
				3350BD89276DA86D00A82EE0 /* AppDelegate.swift in Sources */,
				3350BD8B276DA86D00A82EE0 /* SceneDelegate.swift in Sources */,
			);
			runOnlyForDeploymentPostprocessing = 0;
		};
/* End PBXSourcesBuildPhase section */

/* Begin PBXVariantGroup section */
		3350BD8E276DA86D00A82EE0 /* Main.storyboard */ = {
			isa = PBXVariantGroup;
			children = (
				3350BD8F276DA86D00A82EE0 /* Base */,
			);
			name = Main.storyboard;
			sourceTree = "<group>";
		};
		3350BD93276DA86F00A82EE0 /* LaunchScreen.storyboard */ = {
			isa = PBXVariantGroup;
			children = (
				3350BD94276DA86F00A82EE0 /* Base */,
			);
			name = LaunchScreen.storyboard;
			sourceTree = "<group>";
		};
/* End PBXVariantGroup section */

/* Begin XCBuildConfiguration section */
		3350BD97276DA86F00A82EE0 /* Debug */ = {
			isa = XCBuildConfiguration;
			buildSettings = {
				ALWAYS_SEARCH_USER_PATHS = NO;
				CLANG_ANALYZER_NONNULL = YES;
				CLANG_ANALYZER_NUMBER_OBJECT_CONVERSION = YES_AGGRESSIVE;
				CLANG_CXX_LANGUAGE_STANDARD = "gnu++17";
				CLANG_CXX_LIBRARY = "libc++";
				CLANG_ENABLE_MODULES = YES;
				CLANG_ENABLE_OBJC_ARC = YES;
				CLANG_ENABLE_OBJC_WEAK = YES;
				CLANG_WARN_BLOCK_CAPTURE_AUTORELEASING = YES;
				CLANG_WARN_BOOL_CONVERSION = YES;
				CLANG_WARN_COMMA = YES;
				CLANG_WARN_CONSTANT_CONVERSION = YES;
				CLANG_WARN_DEPRECATED_OBJC_IMPLEMENTATIONS = YES;
				CLANG_WARN_DIRECT_OBJC_ISA_USAGE = YES_ERROR;
				CLANG_WARN_DOCUMENTATION_COMMENTS = YES;
				CLANG_WARN_EMPTY_BODY = YES;
				CLANG_WARN_ENUM_CONVERSION = YES;
				CLANG_WARN_INFINITE_RECURSION = YES;
				CLANG_WARN_INT_CONVERSION = YES;
				CLANG_WARN_NON_LITERAL_NULL_CONVERSION = YES;
				CLANG_WARN_OBJC_IMPLICIT_RETAIN_SELF = YES;
				CLANG_WARN_OBJC_LITERAL_CONVERSION = YES;
				CLANG_WARN_OBJC_ROOT_CLASS = YES_ERROR;
				CLANG_WARN_QUOTED_INCLUDE_IN_FRAMEWORK_HEADER = YES;
				CLANG_WARN_RANGE_LOOP_ANALYSIS = YES;
				CLANG_WARN_STRICT_PROTOTYPES = YES;
				CLANG_WARN_SUSPICIOUS_MOVE = YES;
				CLANG_WARN_UNGUARDED_AVAILABILITY = YES_AGGRESSIVE;
				CLANG_WARN_UNREACHABLE_CODE = YES;
				CLANG_WARN__DUPLICATE_METHOD_MATCH = YES;
				COPY_PHASE_STRIP = NO;
				DEBUG_INFORMATION_FORMAT = dwarf;
				ENABLE_STRICT_OBJC_MSGSEND = YES;
				ENABLE_TESTABILITY = YES;
				GCC_C_LANGUAGE_STANDARD = gnu11;
				GCC_DYNAMIC_NO_PIC = NO;
				GCC_NO_COMMON_BLOCKS = YES;
				GCC_OPTIMIZATION_LEVEL = 0;
				GCC_PREPROCESSOR_DEFINITIONS = (
					"DEBUG=1",
					"$(inherited)",
				);
				GCC_WARN_64_TO_32_BIT_CONVERSION = YES;
				GCC_WARN_ABOUT_RETURN_TYPE = YES_ERROR;
				GCC_WARN_UNDECLARED_SELECTOR = YES;
				GCC_WARN_UNINITIALIZED_AUTOS = YES_AGGRESSIVE;
				GCC_WARN_UNUSED_FUNCTION = YES;
				GCC_WARN_UNUSED_VARIABLE = YES;
				IPHONEOS_DEPLOYMENT_TARGET = 15.0;
				MTL_ENABLE_DEBUG_INFO = INCLUDE_SOURCE;
				MTL_FAST_MATH = YES;
				ONLY_ACTIVE_ARCH = YES;
				SDKROOT = iphoneos;
				SWIFT_ACTIVE_COMPILATION_CONDITIONS = DEBUG;
				SWIFT_OPTIMIZATION_LEVEL = "-Onone";
			};
			name = Debug;
		};
		3350BD98276DA86F00A82EE0 /* Release */ = {
			isa = XCBuildConfiguration;
			buildSettings = {
				ALWAYS_SEARCH_USER_PATHS = NO;
				CLANG_ANALYZER_NONNULL = YES;
				CLANG_ANALYZER_NUMBER_OBJECT_CONVERSION = YES_AGGRESSIVE;
				CLANG_CXX_LANGUAGE_STANDARD = "gnu++17";
				CLANG_CXX_LIBRARY = "libc++";
				CLANG_ENABLE_MODULES = YES;
				CLANG_ENABLE_OBJC_ARC = YES;
				CLANG_ENABLE_OBJC_WEAK = YES;
				CLANG_WARN_BLOCK_CAPTURE_AUTORELEASING = YES;
				CLANG_WARN_BOOL_CONVERSION = YES;
				CLANG_WARN_COMMA = YES;
				CLANG_WARN_CONSTANT_CONVERSION = YES;
				CLANG_WARN_DEPRECATED_OBJC_IMPLEMENTATIONS = YES;
				CLANG_WARN_DIRECT_OBJC_ISA_USAGE = YES_ERROR;
				CLANG_WARN_DOCUMENTATION_COMMENTS = YES;
				CLANG_WARN_EMPTY_BODY = YES;
				CLANG_WARN_ENUM_CONVERSION = YES;
				CLANG_WARN_INFINITE_RECURSION = YES;
				CLANG_WARN_INT_CONVERSION = YES;
				CLANG_WARN_NON_LITERAL_NULL_CONVERSION = YES;
				CLANG_WARN_OBJC_IMPLICIT_RETAIN_SELF = YES;
				CLANG_WARN_OBJC_LITERAL_CONVERSION = YES;
				CLANG_WARN_OBJC_ROOT_CLASS = YES_ERROR;
				CLANG_WARN_QUOTED_INCLUDE_IN_FRAMEWORK_HEADER = YES;
				CLANG_WARN_RANGE_LOOP_ANALYSIS = YES;
				CLANG_WARN_STRICT_PROTOTYPES = YES;
				CLANG_WARN_SUSPICIOUS_MOVE = YES;
				CLANG_WARN_UNGUARDED_AVAILABILITY = YES_AGGRESSIVE;
				CLANG_WARN_UNREACHABLE_CODE = YES;
				CLANG_WARN__DUPLICATE_METHOD_MATCH = YES;
				COPY_PHASE_STRIP = NO;
				DEBUG_INFORMATION_FORMAT = "dwarf-with-dsym";
				ENABLE_NS_ASSERTIONS = NO;
				ENABLE_STRICT_OBJC_MSGSEND = YES;
				GCC_C_LANGUAGE_STANDARD = gnu11;
				GCC_NO_COMMON_BLOCKS = YES;
				GCC_WARN_64_TO_32_BIT_CONVERSION = YES;
				GCC_WARN_ABOUT_RETURN_TYPE = YES_ERROR;
				GCC_WARN_UNDECLARED_SELECTOR = YES;
				GCC_WARN_UNINITIALIZED_AUTOS = YES_AGGRESSIVE;
				GCC_WARN_UNUSED_FUNCTION = YES;
				GCC_WARN_UNUSED_VARIABLE = YES;
				IPHONEOS_DEPLOYMENT_TARGET = 15.0;
				MTL_ENABLE_DEBUG_INFO = NO;
				MTL_FAST_MATH = YES;
				SDKROOT = iphoneos;
				SWIFT_COMPILATION_MODE = wholemodule;
				SWIFT_OPTIMIZATION_LEVEL = "-O";
				VALIDATE_PRODUCT = YES;
			};
			name = Release;
		};
		3350BD9A276DA86F00A82EE0 /* Debug */ = {
			isa = XCBuildConfiguration;
			baseConfigurationReference = 992B04FF893E224B1A8809F6 /* Pods-Seminar8.debug.xcconfig */;
			buildSettings = {
				ASSETCATALOG_COMPILER_APPICON_NAME = AppIcon;
				ASSETCATALOG_COMPILER_GLOBAL_ACCENT_COLOR_NAME = AccentColor;
				CODE_SIGN_STYLE = Automatic;
				CURRENT_PROJECT_VERSION = 1;
				GENERATE_INFOPLIST_FILE = YES;
				INFOPLIST_FILE = Seminar8/Info.plist;
				INFOPLIST_KEY_UIApplicationSupportsIndirectInputEvents = YES;
				INFOPLIST_KEY_UILaunchStoryboardName = LaunchScreen;
				INFOPLIST_KEY_UIMainStoryboardFile = Main;
				INFOPLIST_KEY_UISupportedInterfaceOrientations_iPad = "UIInterfaceOrientationPortrait UIInterfaceOrientationPortraitUpsideDown UIInterfaceOrientationLandscapeLeft UIInterfaceOrientationLandscapeRight";
				INFOPLIST_KEY_UISupportedInterfaceOrientations_iPhone = "UIInterfaceOrientationPortrait UIInterfaceOrientationLandscapeLeft UIInterfaceOrientationLandscapeRight";
				LD_RUNPATH_SEARCH_PATHS = (
					"$(inherited)",
					"@executable_path/Frameworks",
				);
				MARKETING_VERSION = 1.0;
				PRODUCT_BUNDLE_IDENTIFIER = com.swift.SOPT.Seminar8;
				PRODUCT_NAME = "$(TARGET_NAME)";
				SWIFT_EMIT_LOC_STRINGS = YES;
				SWIFT_VERSION = 5.0;
				TARGETED_DEVICE_FAMILY = "1,2";
			};
			name = Debug;
		};
		3350BD9B276DA86F00A82EE0 /* Release */ = {
			isa = XCBuildConfiguration;
			baseConfigurationReference = BA5298DBF5883D5131EE7EB7 /* Pods-Seminar8.release.xcconfig */;
			buildSettings = {
				ASSETCATALOG_COMPILER_APPICON_NAME = AppIcon;
				ASSETCATALOG_COMPILER_GLOBAL_ACCENT_COLOR_NAME = AccentColor;
				CODE_SIGN_STYLE = Automatic;
				CURRENT_PROJECT_VERSION = 1;
				GENERATE_INFOPLIST_FILE = YES;
				INFOPLIST_FILE = Seminar8/Info.plist;
				INFOPLIST_KEY_UIApplicationSupportsIndirectInputEvents = YES;
				INFOPLIST_KEY_UILaunchStoryboardName = LaunchScreen;
				INFOPLIST_KEY_UIMainStoryboardFile = Main;
				INFOPLIST_KEY_UISupportedInterfaceOrientations_iPad = "UIInterfaceOrientationPortrait UIInterfaceOrientationPortraitUpsideDown UIInterfaceOrientationLandscapeLeft UIInterfaceOrientationLandscapeRight";
				INFOPLIST_KEY_UISupportedInterfaceOrientations_iPhone = "UIInterfaceOrientationPortrait UIInterfaceOrientationLandscapeLeft UIInterfaceOrientationLandscapeRight";
				LD_RUNPATH_SEARCH_PATHS = (
					"$(inherited)",
					"@executable_path/Frameworks",
				);
				MARKETING_VERSION = 1.0;
				PRODUCT_BUNDLE_IDENTIFIER = com.swift.SOPT.Seminar8;
				PRODUCT_NAME = "$(TARGET_NAME)";
				SWIFT_EMIT_LOC_STRINGS = YES;
				SWIFT_VERSION = 5.0;
				TARGETED_DEVICE_FAMILY = "1,2";
			};
			name = Release;
		};
/* End XCBuildConfiguration section */

/* Begin XCConfigurationList section */
		3350BD80276DA86D00A82EE0 /* Build configuration list for PBXProject "Seminar8" */ = {
			isa = XCConfigurationList;
			buildConfigurations = (
				3350BD97276DA86F00A82EE0 /* Debug */,
				3350BD98276DA86F00A82EE0 /* Release */,
			);
			defaultConfigurationIsVisible = 0;
			defaultConfigurationName = Release;
		};
		3350BD99276DA86F00A82EE0 /* Build configuration list for PBXNativeTarget "Seminar8" */ = {
			isa = XCConfigurationList;
			buildConfigurations = (
				3350BD9A276DA86F00A82EE0 /* Debug */,
				3350BD9B276DA86F00A82EE0 /* Release */,
			);
			defaultConfigurationIsVisible = 0;
			defaultConfigurationName = Release;
		};
/* End XCConfigurationList section */
	};
	rootObject = 3350BD7D276DA86D00A82EE0 /* Project object */;
}
